// !$*UTF8*$!
{
	archiveVersion = 1;
	classes = {
	};
	objectVersion = 56;
	objects = {

/* Begin PBXBuildFile section */
		26B602C988EFECD46D740EE9 /* Pods_RoamrTests.framework in Frameworks */ = {isa = PBXBuildFile; fileRef = A8EE66519C2411098C88911C /* Pods_RoamrTests.framework */; };
		7DB3CDBBAAEB580B958959D8 /* Pods_Roamr.framework in Frameworks */ = {isa = PBXBuildFile; fileRef = 419F5FCEE96C3E883FF36275 /* Pods_Roamr.framework */; };
		9B018087DA749BE350721203 /* Pods_Roamr_RoamrUITests.framework in Frameworks */ = {isa = PBXBuildFile; fileRef = 15536BDDE3775DC633EAE954 /* Pods_Roamr_RoamrUITests.framework */; };
		D104AE442A7F837000BDCFCB /* AppIcon.swift in Sources */ = {isa = PBXBuildFile; fileRef = D104AE432A7F837000BDCFCB /* AppIcon.swift */; };
		D105B0402A690D9C003ADDEC /* SettingsTableViewController.swift in Sources */ = {isa = PBXBuildFile; fileRef = D105B03F2A690D9C003ADDEC /* SettingsTableViewController.swift */; };
		D17D772A2A7252D50085B9FB /* Watch_RoamrApp.swift in Sources */ = {isa = PBXBuildFile; fileRef = D17D77292A7252D50085B9FB /* Watch_RoamrApp.swift */; };
		D17D772C2A7252D50085B9FB /* ContentView.swift in Sources */ = {isa = PBXBuildFile; fileRef = D17D772B2A7252D50085B9FB /* ContentView.swift */; };
		D17D772E2A7252D80085B9FB /* Assets.xcassets in Resources */ = {isa = PBXBuildFile; fileRef = D17D772D2A7252D80085B9FB /* Assets.xcassets */; };
		D17D77312A7252D80085B9FB /* Preview Assets.xcassets in Resources */ = {isa = PBXBuildFile; fileRef = D17D77302A7252D80085B9FB /* Preview Assets.xcassets */; };
		D17D773B2A7252D80085B9FB /* Watch_Roamr_Watch_AppTests.swift in Sources */ = {isa = PBXBuildFile; fileRef = D17D773A2A7252D80085B9FB /* Watch_Roamr_Watch_AppTests.swift */; };
		D17D77452A7252D80085B9FB /* Watch_Roamr_Watch_AppUITests.swift in Sources */ = {isa = PBXBuildFile; fileRef = D17D77442A7252D80085B9FB /* Watch_Roamr_Watch_AppUITests.swift */; };
		D17D77472A7252D80085B9FB /* Watch_Roamr_Watch_AppUITestsLaunchTests.swift in Sources */ = {isa = PBXBuildFile; fileRef = D17D77462A7252D80085B9FB /* Watch_Roamr_Watch_AppUITestsLaunchTests.swift */; };
		D17D774A2A7252D80085B9FB /* Roamr.app in Embed Watch Content */ = {isa = PBXBuildFile; fileRef = D17D77272A7252D50085B9FB /* Roamr.app */; settings = {ATTRIBUTES = (RemoveHeadersOnCopy, ); }; };
		D1AD22852A68E3E4008E21DB /* BookmarkTableViewCell.swift in Sources */ = {isa = PBXBuildFile; fileRef = D1AD22842A68E3E4008E21DB /* BookmarkTableViewCell.swift */; };
		D1AD22872A68E40F008E21DB /* BookmarksTableViewController.swift in Sources */ = {isa = PBXBuildFile; fileRef = D1AD22862A68E40F008E21DB /* BookmarksTableViewController.swift */; };
		D1F9DC0A2A80E980001283AE /* WelcomeViewController.swift in Sources */ = {isa = PBXBuildFile; fileRef = D1F9DC092A80E980001283AE /* WelcomeViewController.swift */; };
		DF2514E42A2585CE0075EB42 /* AppDelegate.swift in Sources */ = {isa = PBXBuildFile; fileRef = DF2514E32A2585CE0075EB42 /* AppDelegate.swift */; };
		DF2514E62A2585CE0075EB42 /* SceneDelegate.swift in Sources */ = {isa = PBXBuildFile; fileRef = DF2514E52A2585CE0075EB42 /* SceneDelegate.swift */; };
		DF2514E82A2585CE0075EB42 /* ViewController.swift in Sources */ = {isa = PBXBuildFile; fileRef = DF2514E72A2585CE0075EB42 /* ViewController.swift */; };
		DF2514EB2A2585CE0075EB42 /* Main.storyboard in Resources */ = {isa = PBXBuildFile; fileRef = DF2514E92A2585CE0075EB42 /* Main.storyboard */; };
		DF2514ED2A2585D00075EB42 /* Assets.xcassets in Resources */ = {isa = PBXBuildFile; fileRef = DF2514EC2A2585D00075EB42 /* Assets.xcassets */; };
		DF2514F02A2585D00075EB42 /* LaunchScreen.storyboard in Resources */ = {isa = PBXBuildFile; fileRef = DF2514EE2A2585D00075EB42 /* LaunchScreen.storyboard */; };
		DF2514FB2A2585D00075EB42 /* BrowserTests.swift in Sources */ = {isa = PBXBuildFile; fileRef = DF2514FA2A2585D00075EB42 /* BrowserTests.swift */; };
		DF2515052A2585D00075EB42 /* BrowserUITests.swift in Sources */ = {isa = PBXBuildFile; fileRef = DF2515042A2585D00075EB42 /* BrowserUITests.swift */; };
		DF2515072A2585D00075EB42 /* BrowserUITestsLaunchTests.swift in Sources */ = {isa = PBXBuildFile; fileRef = DF2515062A2585D00075EB42 /* BrowserUITestsLaunchTests.swift */; };
		DFBC4EA52A41439D00C0160D /* TableViewCell.swift in Sources */ = {isa = PBXBuildFile; fileRef = DFBC4EA42A41439D00C0160D /* TableViewCell.swift */; };
		DFBC4EA72A41468E00C0160D /* HistoryTableViewController.swift in Sources */ = {isa = PBXBuildFile; fileRef = DFBC4EA62A41468E00C0160D /* HistoryTableViewController.swift */; };
/* End PBXBuildFile section */

/* Begin PBXContainerItemProxy section */
		D17D77372A7252D80085B9FB /* PBXContainerItemProxy */ = {
			isa = PBXContainerItemProxy;
			containerPortal = DF2514D82A2585CE0075EB42 /* Project object */;
			proxyType = 1;
			remoteGlobalIDString = D17D77262A7252D50085B9FB;
			remoteInfo = "Watch Roamr Watch App";
		};
		D17D77412A7252D80085B9FB /* PBXContainerItemProxy */ = {
			isa = PBXContainerItemProxy;
			containerPortal = DF2514D82A2585CE0075EB42 /* Project object */;
			proxyType = 1;
			remoteGlobalIDString = D17D77262A7252D50085B9FB;
			remoteInfo = "Watch Roamr Watch App";
		};
		D17D77482A7252D80085B9FB /* PBXContainerItemProxy */ = {
			isa = PBXContainerItemProxy;
			containerPortal = DF2514D82A2585CE0075EB42 /* Project object */;
			proxyType = 1;
			remoteGlobalIDString = D17D77262A7252D50085B9FB;
			remoteInfo = "Watch Roamr Watch App";
		};
		DF2514F72A2585D00075EB42 /* PBXContainerItemProxy */ = {
			isa = PBXContainerItemProxy;
			containerPortal = DF2514D82A2585CE0075EB42 /* Project object */;
			proxyType = 1;
			remoteGlobalIDString = DF2514DF2A2585CE0075EB42;
			remoteInfo = Browser;
		};
		DF2515012A2585D00075EB42 /* PBXContainerItemProxy */ = {
			isa = PBXContainerItemProxy;
			containerPortal = DF2514D82A2585CE0075EB42 /* Project object */;
			proxyType = 1;
			remoteGlobalIDString = DF2514DF2A2585CE0075EB42;
			remoteInfo = Browser;
		};
/* End PBXContainerItemProxy section */

/* Begin PBXCopyFilesBuildPhase section */
		D138571F2A6641C4005A2518 /* Embed Watch Content */ = {
			isa = PBXCopyFilesBuildPhase;
			buildActionMask = 2147483647;
			dstPath = "$(CONTENTS_FOLDER_PATH)/Watch";
			dstSubfolderSpec = 16;
			files = (
				D17D774A2A7252D80085B9FB /* Roamr.app in Embed Watch Content */,
			);
			name = "Embed Watch Content";
			runOnlyForDeploymentPostprocessing = 0;
		};
/* End PBXCopyFilesBuildPhase section */

/* Begin PBXFileReference section */
		13C5F2035DF289513A4E257F /* Pods-RoamrTests.release.xcconfig */ = {isa = PBXFileReference; includeInIndex = 1; lastKnownFileType = text.xcconfig; name = "Pods-RoamrTests.release.xcconfig"; path = "Target Support Files/Pods-RoamrTests/Pods-RoamrTests.release.xcconfig"; sourceTree = "<group>"; };
		15536BDDE3775DC633EAE954 /* Pods_Roamr_RoamrUITests.framework */ = {isa = PBXFileReference; explicitFileType = wrapper.framework; includeInIndex = 0; path = Pods_Roamr_RoamrUITests.framework; sourceTree = BUILT_PRODUCTS_DIR; };
		3F7E2134AF562796670BFB16 /* Pods_Roamr_Watch_App.framework */ = {isa = PBXFileReference; explicitFileType = wrapper.framework; includeInIndex = 0; path = Pods_Roamr_Watch_App.framework; sourceTree = BUILT_PRODUCTS_DIR; };
		419F5FCEE96C3E883FF36275 /* Pods_Roamr.framework */ = {isa = PBXFileReference; explicitFileType = wrapper.framework; includeInIndex = 0; path = Pods_Roamr.framework; sourceTree = BUILT_PRODUCTS_DIR; };
		5931D59F98D16558A93B0483 /* Pods-Roamr-RoamrUITests.release.xcconfig */ = {isa = PBXFileReference; includeInIndex = 1; lastKnownFileType = text.xcconfig; name = "Pods-Roamr-RoamrUITests.release.xcconfig"; path = "Target Support Files/Pods-Roamr-RoamrUITests/Pods-Roamr-RoamrUITests.release.xcconfig"; sourceTree = "<group>"; };
		5ADD2EF19E90D39062A20689 /* Pods-Roamr-RoamrUITests.debug.xcconfig */ = {isa = PBXFileReference; includeInIndex = 1; lastKnownFileType = text.xcconfig; name = "Pods-Roamr-RoamrUITests.debug.xcconfig"; path = "Target Support Files/Pods-Roamr-RoamrUITests/Pods-Roamr-RoamrUITests.debug.xcconfig"; sourceTree = "<group>"; };
		81C5B5A88B14149439C96368 /* Pods-Roamr.release.xcconfig */ = {isa = PBXFileReference; includeInIndex = 1; lastKnownFileType = text.xcconfig; name = "Pods-Roamr.release.xcconfig"; path = "Target Support Files/Pods-Roamr/Pods-Roamr.release.xcconfig"; sourceTree = "<group>"; };
		A119BCB1FD452E36FC16C164 /* Pods-Roamr Watch App.release.xcconfig */ = {isa = PBXFileReference; includeInIndex = 1; lastKnownFileType = text.xcconfig; name = "Pods-Roamr Watch App.release.xcconfig"; path = "Target Support Files/Pods-Roamr Watch App/Pods-Roamr Watch App.release.xcconfig"; sourceTree = "<group>"; };
		A8EE66519C2411098C88911C /* Pods_RoamrTests.framework */ = {isa = PBXFileReference; explicitFileType = wrapper.framework; includeInIndex = 0; path = Pods_RoamrTests.framework; sourceTree = BUILT_PRODUCTS_DIR; };
		B0C2C3AFB0034DC3FAAB7389 /* Pods-Roamr Watch App.debug.xcconfig */ = {isa = PBXFileReference; includeInIndex = 1; lastKnownFileType = text.xcconfig; name = "Pods-Roamr Watch App.debug.xcconfig"; path = "Target Support Files/Pods-Roamr Watch App/Pods-Roamr Watch App.debug.xcconfig"; sourceTree = "<group>"; };
		B734C30B360EC41AA7A0121C /* Pods-Roamr.debug.xcconfig */ = {isa = PBXFileReference; includeInIndex = 1; lastKnownFileType = text.xcconfig; name = "Pods-Roamr.debug.xcconfig"; path = "Target Support Files/Pods-Roamr/Pods-Roamr.debug.xcconfig"; sourceTree = "<group>"; };
		D104AE432A7F837000BDCFCB /* AppIcon.swift */ = {isa = PBXFileReference; lastKnownFileType = sourcecode.swift; path = AppIcon.swift; sourceTree = "<group>"; };
		D105B03F2A690D9C003ADDEC /* SettingsTableViewController.swift */ = {isa = PBXFileReference; lastKnownFileType = sourcecode.swift; path = SettingsTableViewController.swift; sourceTree = "<group>"; };
		D13856DF2A664196005A2518 /* SwiftUI.framework */ = {isa = PBXFileReference; lastKnownFileType = wrapper.framework; name = SwiftUI.framework; path = System/Library/Frameworks/SwiftUI.framework; sourceTree = SDKROOT; };
		D17D77272A7252D50085B9FB /* Roamr.app */ = {isa = PBXFileReference; explicitFileType = wrapper.application; includeInIndex = 0; path = Roamr.app; sourceTree = BUILT_PRODUCTS_DIR; };
		D17D77292A7252D50085B9FB /* Watch_RoamrApp.swift */ = {isa = PBXFileReference; lastKnownFileType = sourcecode.swift; path = Watch_RoamrApp.swift; sourceTree = "<group>"; };
		D17D772B2A7252D50085B9FB /* ContentView.swift */ = {isa = PBXFileReference; lastKnownFileType = sourcecode.swift; path = ContentView.swift; sourceTree = "<group>"; };
		D17D772D2A7252D80085B9FB /* Assets.xcassets */ = {isa = PBXFileReference; lastKnownFileType = folder.assetcatalog; path = Assets.xcassets; sourceTree = "<group>"; };
		D17D77302A7252D80085B9FB /* Preview Assets.xcassets */ = {isa = PBXFileReference; lastKnownFileType = folder.assetcatalog; path = "Preview Assets.xcassets"; sourceTree = "<group>"; };
		D17D77362A7252D80085B9FB /* Watch Roamr Watch AppTests.xctest */ = {isa = PBXFileReference; explicitFileType = wrapper.cfbundle; includeInIndex = 0; path = "Watch Roamr Watch AppTests.xctest"; sourceTree = BUILT_PRODUCTS_DIR; };
		D17D773A2A7252D80085B9FB /* Watch_Roamr_Watch_AppTests.swift */ = {isa = PBXFileReference; lastKnownFileType = sourcecode.swift; path = Watch_Roamr_Watch_AppTests.swift; sourceTree = "<group>"; };
		D17D77402A7252D80085B9FB /* Watch Roamr Watch AppUITests.xctest */ = {isa = PBXFileReference; explicitFileType = wrapper.cfbundle; includeInIndex = 0; path = "Watch Roamr Watch AppUITests.xctest"; sourceTree = BUILT_PRODUCTS_DIR; };
		D17D77442A7252D80085B9FB /* Watch_Roamr_Watch_AppUITests.swift */ = {isa = PBXFileReference; lastKnownFileType = sourcecode.swift; path = Watch_Roamr_Watch_AppUITests.swift; sourceTree = "<group>"; };
		D17D77462A7252D80085B9FB /* Watch_Roamr_Watch_AppUITestsLaunchTests.swift */ = {isa = PBXFileReference; lastKnownFileType = sourcecode.swift; path = Watch_Roamr_Watch_AppUITestsLaunchTests.swift; sourceTree = "<group>"; };
		D1AD22842A68E3E4008E21DB /* BookmarkTableViewCell.swift */ = {isa = PBXFileReference; lastKnownFileType = sourcecode.swift; path = BookmarkTableViewCell.swift; sourceTree = "<group>"; };
		D1AD22862A68E40F008E21DB /* BookmarksTableViewController.swift */ = {isa = PBXFileReference; lastKnownFileType = sourcecode.swift; path = BookmarksTableViewController.swift; sourceTree = "<group>"; };
		D1F9DC092A80E980001283AE /* WelcomeViewController.swift */ = {isa = PBXFileReference; lastKnownFileType = sourcecode.swift; path = WelcomeViewController.swift; sourceTree = "<group>"; };
		D8C946EA64504415D1A5FFB0 /* Pods-RoamrTests.debug.xcconfig */ = {isa = PBXFileReference; includeInIndex = 1; lastKnownFileType = text.xcconfig; name = "Pods-RoamrTests.debug.xcconfig"; path = "Target Support Files/Pods-RoamrTests/Pods-RoamrTests.debug.xcconfig"; sourceTree = "<group>"; };
		DF2514E02A2585CE0075EB42 /* Roamr.app */ = {isa = PBXFileReference; explicitFileType = wrapper.application; includeInIndex = 0; path = Roamr.app; sourceTree = BUILT_PRODUCTS_DIR; };
		DF2514E32A2585CE0075EB42 /* AppDelegate.swift */ = {isa = PBXFileReference; lastKnownFileType = sourcecode.swift; path = AppDelegate.swift; sourceTree = "<group>"; };
		DF2514E52A2585CE0075EB42 /* SceneDelegate.swift */ = {isa = PBXFileReference; lastKnownFileType = sourcecode.swift; path = SceneDelegate.swift; sourceTree = "<group>"; };
		DF2514E72A2585CE0075EB42 /* ViewController.swift */ = {isa = PBXFileReference; lastKnownFileType = sourcecode.swift; path = ViewController.swift; sourceTree = "<group>"; };
		DF2514EA2A2585CE0075EB42 /* Base */ = {isa = PBXFileReference; lastKnownFileType = file.storyboard; name = Base; path = Base.lproj/Main.storyboard; sourceTree = "<group>"; };
		DF2514EC2A2585D00075EB42 /* Assets.xcassets */ = {isa = PBXFileReference; lastKnownFileType = folder.assetcatalog; path = Assets.xcassets; sourceTree = "<group>"; };
		DF2514EF2A2585D00075EB42 /* Base */ = {isa = PBXFileReference; lastKnownFileType = file.storyboard; name = Base; path = Base.lproj/LaunchScreen.storyboard; sourceTree = "<group>"; };
		DF2514F12A2585D00075EB42 /* Info.plist */ = {isa = PBXFileReference; lastKnownFileType = text.plist.xml; path = Info.plist; sourceTree = "<group>"; };
		DF2514F62A2585D00075EB42 /* RoamrTests.xctest */ = {isa = PBXFileReference; explicitFileType = wrapper.cfbundle; includeInIndex = 0; path = RoamrTests.xctest; sourceTree = BUILT_PRODUCTS_DIR; };
		DF2514FA2A2585D00075EB42 /* BrowserTests.swift */ = {isa = PBXFileReference; lastKnownFileType = sourcecode.swift; path = BrowserTests.swift; sourceTree = "<group>"; };
		DF2515002A2585D00075EB42 /* RoamrUITests.xctest */ = {isa = PBXFileReference; explicitFileType = wrapper.cfbundle; includeInIndex = 0; path = RoamrUITests.xctest; sourceTree = BUILT_PRODUCTS_DIR; };
		DF2515042A2585D00075EB42 /* BrowserUITests.swift */ = {isa = PBXFileReference; lastKnownFileType = sourcecode.swift; path = BrowserUITests.swift; sourceTree = "<group>"; };
		DF2515062A2585D00075EB42 /* BrowserUITestsLaunchTests.swift */ = {isa = PBXFileReference; lastKnownFileType = sourcecode.swift; path = BrowserUITestsLaunchTests.swift; sourceTree = "<group>"; };
		DFBC4EA42A41439D00C0160D /* TableViewCell.swift */ = {isa = PBXFileReference; lastKnownFileType = sourcecode.swift; path = TableViewCell.swift; sourceTree = "<group>"; };
		DFBC4EA62A41468E00C0160D /* HistoryTableViewController.swift */ = {isa = PBXFileReference; lastKnownFileType = sourcecode.swift; path = HistoryTableViewController.swift; sourceTree = "<group>"; };
/* End PBXFileReference section */

/* Begin PBXFrameworksBuildPhase section */
		D17D77242A7252D50085B9FB /* Frameworks */ = {
			isa = PBXFrameworksBuildPhase;
			buildActionMask = 2147483647;
			files = (
			);
			runOnlyForDeploymentPostprocessing = 0;
		};
		D17D77332A7252D80085B9FB /* Frameworks */ = {
			isa = PBXFrameworksBuildPhase;
			buildActionMask = 2147483647;
			files = (
			);
			runOnlyForDeploymentPostprocessing = 0;
		};
		D17D773D2A7252D80085B9FB /* Frameworks */ = {
			isa = PBXFrameworksBuildPhase;
			buildActionMask = 2147483647;
			files = (
			);
			runOnlyForDeploymentPostprocessing = 0;
		};
		DF2514DD2A2585CE0075EB42 /* Frameworks */ = {
			isa = PBXFrameworksBuildPhase;
			buildActionMask = 2147483647;
			files = (
				7DB3CDBBAAEB580B958959D8 /* Pods_Roamr.framework in Frameworks */,
			);
			runOnlyForDeploymentPostprocessing = 0;
		};
		DF2514F32A2585D00075EB42 /* Frameworks */ = {
			isa = PBXFrameworksBuildPhase;
			buildActionMask = 2147483647;
			files = (
				26B602C988EFECD46D740EE9 /* Pods_RoamrTests.framework in Frameworks */,
			);
			runOnlyForDeploymentPostprocessing = 0;
		};
		DF2514FD2A2585D00075EB42 /* Frameworks */ = {
			isa = PBXFrameworksBuildPhase;
			buildActionMask = 2147483647;
			files = (
				9B018087DA749BE350721203 /* Pods_Roamr_RoamrUITests.framework in Frameworks */,
			);
			runOnlyForDeploymentPostprocessing = 0;
		};
/* End PBXFrameworksBuildPhase section */

/* Begin PBXGroup section */
		0899EE8C9D55936463907B95 /* Pods */ = {
			isa = PBXGroup;
			children = (
				B734C30B360EC41AA7A0121C /* Pods-Roamr.debug.xcconfig */,
				81C5B5A88B14149439C96368 /* Pods-Roamr.release.xcconfig */,
				B0C2C3AFB0034DC3FAAB7389 /* Pods-Roamr Watch App.debug.xcconfig */,
				A119BCB1FD452E36FC16C164 /* Pods-Roamr Watch App.release.xcconfig */,
				5ADD2EF19E90D39062A20689 /* Pods-Roamr-RoamrUITests.debug.xcconfig */,
				5931D59F98D16558A93B0483 /* Pods-Roamr-RoamrUITests.release.xcconfig */,
				D8C946EA64504415D1A5FFB0 /* Pods-RoamrTests.debug.xcconfig */,
				13C5F2035DF289513A4E257F /* Pods-RoamrTests.release.xcconfig */,
			);
			path = Pods;
			sourceTree = "<group>";
		};
		D13856DC2A664196005A2518 /* Frameworks */ = {
			isa = PBXGroup;
			children = (
				D13856DF2A664196005A2518 /* SwiftUI.framework */,
				419F5FCEE96C3E883FF36275 /* Pods_Roamr.framework */,
				3F7E2134AF562796670BFB16 /* Pods_Roamr_Watch_App.framework */,
				15536BDDE3775DC633EAE954 /* Pods_Roamr_RoamrUITests.framework */,
				A8EE66519C2411098C88911C /* Pods_RoamrTests.framework */,
			);
			name = Frameworks;
			sourceTree = "<group>";
		};
		D17D77282A7252D50085B9FB /* Watch Roamr Watch App */ = {
			isa = PBXGroup;
			children = (
				D17D77292A7252D50085B9FB /* Watch_RoamrApp.swift */,
				D17D772B2A7252D50085B9FB /* ContentView.swift */,
				D17D772D2A7252D80085B9FB /* Assets.xcassets */,
				D17D772F2A7252D80085B9FB /* Preview Content */,
			);
			path = "Watch Roamr Watch App";
			sourceTree = "<group>";
		};
		D17D772F2A7252D80085B9FB /* Preview Content */ = {
			isa = PBXGroup;
			children = (
				D17D77302A7252D80085B9FB /* Preview Assets.xcassets */,
			);
			path = "Preview Content";
			sourceTree = "<group>";
		};
		D17D77392A7252D80085B9FB /* Watch Roamr Watch AppTests */ = {
			isa = PBXGroup;
			children = (
				D17D773A2A7252D80085B9FB /* Watch_Roamr_Watch_AppTests.swift */,
			);
			path = "Watch Roamr Watch AppTests";
			sourceTree = "<group>";
		};
		D17D77432A7252D80085B9FB /* Watch Roamr Watch AppUITests */ = {
			isa = PBXGroup;
			children = (
				D17D77442A7252D80085B9FB /* Watch_Roamr_Watch_AppUITests.swift */,
				D17D77462A7252D80085B9FB /* Watch_Roamr_Watch_AppUITestsLaunchTests.swift */,
			);
			path = "Watch Roamr Watch AppUITests";
			sourceTree = "<group>";
		};
		DF2514D72A2585CE0075EB42 = {
			isa = PBXGroup;
			children = (
				DF2514E22A2585CE0075EB42 /* Browser */,
				DF2514F92A2585D00075EB42 /* BrowserTests */,
				DF2515032A2585D00075EB42 /* BrowserUITests */,
				D17D77282A7252D50085B9FB /* Watch Roamr Watch App */,
				D17D77392A7252D80085B9FB /* Watch Roamr Watch AppTests */,
				D17D77432A7252D80085B9FB /* Watch Roamr Watch AppUITests */,
				D13856DC2A664196005A2518 /* Frameworks */,
				DF2514E12A2585CE0075EB42 /* Products */,
				0899EE8C9D55936463907B95 /* Pods */,
			);
			sourceTree = "<group>";
		};
		DF2514E12A2585CE0075EB42 /* Products */ = {
			isa = PBXGroup;
			children = (
				DF2514E02A2585CE0075EB42 /* Roamr.app */,
				DF2514F62A2585D00075EB42 /* RoamrTests.xctest */,
				DF2515002A2585D00075EB42 /* RoamrUITests.xctest */,
				D17D77272A7252D50085B9FB /* Roamr.app */,
				D17D77362A7252D80085B9FB /* Watch Roamr Watch AppTests.xctest */,
				D17D77402A7252D80085B9FB /* Watch Roamr Watch AppUITests.xctest */,
			);
			name = Products;
			sourceTree = "<group>";
		};
		DF2514E22A2585CE0075EB42 /* Browser */ = {
			isa = PBXGroup;
			children = (
				DF2514E32A2585CE0075EB42 /* AppDelegate.swift */,
				DF2514E52A2585CE0075EB42 /* SceneDelegate.swift */,
				D1AD22842A68E3E4008E21DB /* BookmarkTableViewCell.swift */,
				D1AD22862A68E40F008E21DB /* BookmarksTableViewController.swift */,
				D1F9DC092A80E980001283AE /* WelcomeViewController.swift */,
				D104AE432A7F837000BDCFCB /* AppIcon.swift */,
				DF2514E72A2585CE0075EB42 /* ViewController.swift */,
				DF2514E92A2585CE0075EB42 /* Main.storyboard */,
				D105B03F2A690D9C003ADDEC /* SettingsTableViewController.swift */,
				DF2514EC2A2585D00075EB42 /* Assets.xcassets */,
				DF2514EE2A2585D00075EB42 /* LaunchScreen.storyboard */,
				DF2514F12A2585D00075EB42 /* Info.plist */,
				DFBC4EA42A41439D00C0160D /* TableViewCell.swift */,
				DFBC4EA62A41468E00C0160D /* HistoryTableViewController.swift */,
			);
			path = Browser;
			sourceTree = "<group>";
		};
		DF2514F92A2585D00075EB42 /* BrowserTests */ = {
			isa = PBXGroup;
			children = (
				DF2514FA2A2585D00075EB42 /* BrowserTests.swift */,
			);
			path = BrowserTests;
			sourceTree = "<group>";
		};
		DF2515032A2585D00075EB42 /* BrowserUITests */ = {
			isa = PBXGroup;
			children = (
				DF2515042A2585D00075EB42 /* BrowserUITests.swift */,
				DF2515062A2585D00075EB42 /* BrowserUITestsLaunchTests.swift */,
			);
			path = BrowserUITests;
			sourceTree = "<group>";
		};
/* End PBXGroup section */

/* Begin PBXNativeTarget section */
		D17D77262A7252D50085B9FB /* Watch Roamr Watch App */ = {
			isa = PBXNativeTarget;
			buildConfigurationList = D17D774B2A7252D80085B9FB /* Build configuration list for PBXNativeTarget "Watch Roamr Watch App" */;
			buildPhases = (
				D17D77232A7252D50085B9FB /* Sources */,
				D17D77242A7252D50085B9FB /* Frameworks */,
				D17D77252A7252D50085B9FB /* Resources */,
			);
			buildRules = (
			);
			dependencies = (
			);
			name = "Watch Roamr Watch App";
			productName = "Watch Roamr Watch App";
			productReference = D17D77272A7252D50085B9FB /* Roamr.app */;
			productType = "com.apple.product-type.application";
		};
		D17D77352A7252D80085B9FB /* Watch Roamr Watch AppTests */ = {
			isa = PBXNativeTarget;
			buildConfigurationList = D17D774E2A7252D80085B9FB /* Build configuration list for PBXNativeTarget "Watch Roamr Watch AppTests" */;
			buildPhases = (
				D17D77322A7252D80085B9FB /* Sources */,
				D17D77332A7252D80085B9FB /* Frameworks */,
				D17D77342A7252D80085B9FB /* Resources */,
			);
			buildRules = (
			);
			dependencies = (
				D17D77382A7252D80085B9FB /* PBXTargetDependency */,
			);
			name = "Watch Roamr Watch AppTests";
			productName = "Watch Roamr Watch AppTests";
			productReference = D17D77362A7252D80085B9FB /* Watch Roamr Watch AppTests.xctest */;
			productType = "com.apple.product-type.bundle.unit-test";
		};
		D17D773F2A7252D80085B9FB /* Watch Roamr Watch AppUITests */ = {
			isa = PBXNativeTarget;
			buildConfigurationList = D17D77512A7252D80085B9FB /* Build configuration list for PBXNativeTarget "Watch Roamr Watch AppUITests" */;
			buildPhases = (
				D17D773C2A7252D80085B9FB /* Sources */,
				D17D773D2A7252D80085B9FB /* Frameworks */,
				D17D773E2A7252D80085B9FB /* Resources */,
			);
			buildRules = (
			);
			dependencies = (
				D17D77422A7252D80085B9FB /* PBXTargetDependency */,
			);
			name = "Watch Roamr Watch AppUITests";
			productName = "Watch Roamr Watch AppUITests";
			productReference = D17D77402A7252D80085B9FB /* Watch Roamr Watch AppUITests.xctest */;
			productType = "com.apple.product-type.bundle.ui-testing";
		};
		DF2514DF2A2585CE0075EB42 /* Roamr */ = {
			isa = PBXNativeTarget;
			buildConfigurationList = DF25150A2A2585D00075EB42 /* Build configuration list for PBXNativeTarget "Roamr" */;
			buildPhases = (
				F950B8D8D1C8E18A2F6FB3FF /* [CP] Check Pods Manifest.lock */,
				DF2514DC2A2585CE0075EB42 /* Sources */,
				DF2514DD2A2585CE0075EB42 /* Frameworks */,
				DF2514DE2A2585CE0075EB42 /* Resources */,
				D138571F2A6641C4005A2518 /* Embed Watch Content */,
				3CB7E6C5CA71CE23F72835C0 /* [CP] Embed Pods Frameworks */,
			);
			buildRules = (
			);
			dependencies = (
				D17D77492A7252D80085B9FB /* PBXTargetDependency */,
			);
			name = Roamr;
			productName = Browser;
			productReference = DF2514E02A2585CE0075EB42 /* Roamr.app */;
			productType = "com.apple.product-type.application";
		};
		DF2514F52A2585D00075EB42 /* RoamrTests */ = {
			isa = PBXNativeTarget;
			buildConfigurationList = DF25150D2A2585D00075EB42 /* Build configuration list for PBXNativeTarget "RoamrTests" */;
			buildPhases = (
				4206741938232706CB668FEB /* [CP] Check Pods Manifest.lock */,
				DF2514F22A2585D00075EB42 /* Sources */,
				DF2514F32A2585D00075EB42 /* Frameworks */,
				DF2514F42A2585D00075EB42 /* Resources */,
			);
			buildRules = (
			);
			dependencies = (
				DF2514F82A2585D00075EB42 /* PBXTargetDependency */,
			);
			name = RoamrTests;
			productName = BrowserTests;
			productReference = DF2514F62A2585D00075EB42 /* RoamrTests.xctest */;
			productType = "com.apple.product-type.bundle.unit-test";
		};
		DF2514FF2A2585D00075EB42 /* RoamrUITests */ = {
			isa = PBXNativeTarget;
			buildConfigurationList = DF2515102A2585D00075EB42 /* Build configuration list for PBXNativeTarget "RoamrUITests" */;
			buildPhases = (
				00ED5E134D94CBC7BADBF2B7 /* [CP] Check Pods Manifest.lock */,
				DF2514FC2A2585D00075EB42 /* Sources */,
				DF2514FD2A2585D00075EB42 /* Frameworks */,
				DF2514FE2A2585D00075EB42 /* Resources */,
				EC360F187D05A4D5EF2FCEFA /* [CP] Embed Pods Frameworks */,
			);
			buildRules = (
			);
			dependencies = (
				DF2515022A2585D00075EB42 /* PBXTargetDependency */,
			);
			name = RoamrUITests;
			productName = BrowserUITests;
			productReference = DF2515002A2585D00075EB42 /* RoamrUITests.xctest */;
			productType = "com.apple.product-type.bundle.ui-testing";
		};
/* End PBXNativeTarget section */

/* Begin PBXProject section */
		DF2514D82A2585CE0075EB42 /* Project object */ = {
			isa = PBXProject;
			attributes = {
				BuildIndependentTargetsInParallel = 1;
				LastSwiftUpdateCheck = 1500;
				LastUpgradeCheck = 1500;
				TargetAttributes = {
					D17D77262A7252D50085B9FB = {
						CreatedOnToolsVersion = 15.0;
					};
					D17D77352A7252D80085B9FB = {
						CreatedOnToolsVersion = 15.0;
						TestTargetID = D17D77262A7252D50085B9FB;
					};
					D17D773F2A7252D80085B9FB = {
						CreatedOnToolsVersion = 15.0;
						TestTargetID = D17D77262A7252D50085B9FB;
					};
					DF2514DF2A2585CE0075EB42 = {
						CreatedOnToolsVersion = 14.3;
					};
					DF2514F52A2585D00075EB42 = {
						CreatedOnToolsVersion = 14.3;
						TestTargetID = DF2514DF2A2585CE0075EB42;
					};
					DF2514FF2A2585D00075EB42 = {
						CreatedOnToolsVersion = 14.3;
						TestTargetID = DF2514DF2A2585CE0075EB42;
					};
				};
			};
			buildConfigurationList = DF2514DB2A2585CE0075EB42 /* Build configuration list for PBXProject "Roamr" */;
			compatibilityVersion = "Xcode 14.0";
			developmentRegion = en;
			hasScannedForEncodings = 0;
			knownRegions = (
				en,
				Base,
			);
			mainGroup = DF2514D72A2585CE0075EB42;
			productRefGroup = DF2514E12A2585CE0075EB42 /* Products */;
			projectDirPath = "";
			projectRoot = "";
			targets = (
				DF2514DF2A2585CE0075EB42 /* Roamr */,
				DF2514F52A2585D00075EB42 /* RoamrTests */,
				DF2514FF2A2585D00075EB42 /* RoamrUITests */,
				D17D77262A7252D50085B9FB /* Watch Roamr Watch App */,
				D17D77352A7252D80085B9FB /* Watch Roamr Watch AppTests */,
				D17D773F2A7252D80085B9FB /* Watch Roamr Watch AppUITests */,
			);
		};
/* End PBXProject section */

/* Begin PBXResourcesBuildPhase section */
		D17D77252A7252D50085B9FB /* Resources */ = {
			isa = PBXResourcesBuildPhase;
			buildActionMask = 2147483647;
			files = (
				D17D77312A7252D80085B9FB /* Preview Assets.xcassets in Resources */,
				D17D772E2A7252D80085B9FB /* Assets.xcassets in Resources */,
			);
			runOnlyForDeploymentPostprocessing = 0;
		};
		D17D77342A7252D80085B9FB /* Resources */ = {
			isa = PBXResourcesBuildPhase;
			buildActionMask = 2147483647;
			files = (
			);
			runOnlyForDeploymentPostprocessing = 0;
		};
		D17D773E2A7252D80085B9FB /* Resources */ = {
			isa = PBXResourcesBuildPhase;
			buildActionMask = 2147483647;
			files = (
			);
			runOnlyForDeploymentPostprocessing = 0;
		};
		DF2514DE2A2585CE0075EB42 /* Resources */ = {
			isa = PBXResourcesBuildPhase;
			buildActionMask = 2147483647;
			files = (
				DF2514F02A2585D00075EB42 /* LaunchScreen.storyboard in Resources */,
				DF2514ED2A2585D00075EB42 /* Assets.xcassets in Resources */,
				DF2514EB2A2585CE0075EB42 /* Main.storyboard in Resources */,
			);
			runOnlyForDeploymentPostprocessing = 0;
		};
		DF2514F42A2585D00075EB42 /* Resources */ = {
			isa = PBXResourcesBuildPhase;
			buildActionMask = 2147483647;
			files = (
			);
			runOnlyForDeploymentPostprocessing = 0;
		};
		DF2514FE2A2585D00075EB42 /* Resources */ = {
			isa = PBXResourcesBuildPhase;
			buildActionMask = 2147483647;
			files = (
			);
			runOnlyForDeploymentPostprocessing = 0;
		};
/* End PBXResourcesBuildPhase section */

/* Begin PBXShellScriptBuildPhase section */
		00ED5E134D94CBC7BADBF2B7 /* [CP] Check Pods Manifest.lock */ = {
			isa = PBXShellScriptBuildPhase;
			buildActionMask = 2147483647;
			files = (
			);
			inputFileListPaths = (
			);
			inputPaths = (
				"${PODS_PODFILE_DIR_PATH}/Podfile.lock",
				"${PODS_ROOT}/Manifest.lock",
			);
			name = "[CP] Check Pods Manifest.lock";
			outputFileListPaths = (
			);
			outputPaths = (
				"$(DERIVED_FILE_DIR)/Pods-Roamr-RoamrUITests-checkManifestLockResult.txt",
			);
			runOnlyForDeploymentPostprocessing = 0;
			shellPath = /bin/sh;
			shellScript = "diff \"${PODS_PODFILE_DIR_PATH}/Podfile.lock\" \"${PODS_ROOT}/Manifest.lock\" > /dev/null\nif [ $? != 0 ] ; then\n    # print error to STDERR\n    echo \"error: The sandbox is not in sync with the Podfile.lock. Run 'pod install' or update your CocoaPods installation.\" >&2\n    exit 1\nfi\n# This output is used by Xcode 'outputs' to avoid re-running this script phase.\necho \"SUCCESS\" > \"${SCRIPT_OUTPUT_FILE_0}\"\n";
			showEnvVarsInLog = 0;
		};
		3CB7E6C5CA71CE23F72835C0 /* [CP] Embed Pods Frameworks */ = {
			isa = PBXShellScriptBuildPhase;
			buildActionMask = 2147483647;
			files = (
			);
			inputFileListPaths = (
				"${PODS_ROOT}/Target Support Files/Pods-Roamr/Pods-Roamr-frameworks-${CONFIGURATION}-input-files.xcfilelist",
			);
			name = "[CP] Embed Pods Frameworks";
			outputFileListPaths = (
				"${PODS_ROOT}/Target Support Files/Pods-Roamr/Pods-Roamr-frameworks-${CONFIGURATION}-output-files.xcfilelist",
			);
			runOnlyForDeploymentPostprocessing = 0;
			shellPath = /bin/sh;
			shellScript = "\"${PODS_ROOT}/Target Support Files/Pods-Roamr/Pods-Roamr-frameworks.sh\"\n";
			showEnvVarsInLog = 0;
		};
		4206741938232706CB668FEB /* [CP] Check Pods Manifest.lock */ = {
			isa = PBXShellScriptBuildPhase;
			buildActionMask = 2147483647;
			files = (
			);
			inputFileListPaths = (
			);
			inputPaths = (
				"${PODS_PODFILE_DIR_PATH}/Podfile.lock",
				"${PODS_ROOT}/Manifest.lock",
			);
			name = "[CP] Check Pods Manifest.lock";
			outputFileListPaths = (
			);
			outputPaths = (
				"$(DERIVED_FILE_DIR)/Pods-RoamrTests-checkManifestLockResult.txt",
			);
			runOnlyForDeploymentPostprocessing = 0;
			shellPath = /bin/sh;
			shellScript = "diff \"${PODS_PODFILE_DIR_PATH}/Podfile.lock\" \"${PODS_ROOT}/Manifest.lock\" > /dev/null\nif [ $? != 0 ] ; then\n    # print error to STDERR\n    echo \"error: The sandbox is not in sync with the Podfile.lock. Run 'pod install' or update your CocoaPods installation.\" >&2\n    exit 1\nfi\n# This output is used by Xcode 'outputs' to avoid re-running this script phase.\necho \"SUCCESS\" > \"${SCRIPT_OUTPUT_FILE_0}\"\n";
			showEnvVarsInLog = 0;
		};
		EC360F187D05A4D5EF2FCEFA /* [CP] Embed Pods Frameworks */ = {
			isa = PBXShellScriptBuildPhase;
			buildActionMask = 2147483647;
			files = (
			);
			inputFileListPaths = (
				"${PODS_ROOT}/Target Support Files/Pods-Roamr-RoamrUITests/Pods-Roamr-RoamrUITests-frameworks-${CONFIGURATION}-input-files.xcfilelist",
			);
			name = "[CP] Embed Pods Frameworks";
			outputFileListPaths = (
				"${PODS_ROOT}/Target Support Files/Pods-Roamr-RoamrUITests/Pods-Roamr-RoamrUITests-frameworks-${CONFIGURATION}-output-files.xcfilelist",
			);
			runOnlyForDeploymentPostprocessing = 0;
			shellPath = /bin/sh;
			shellScript = "\"${PODS_ROOT}/Target Support Files/Pods-Roamr-RoamrUITests/Pods-Roamr-RoamrUITests-frameworks.sh\"\n";
			showEnvVarsInLog = 0;
		};
		F950B8D8D1C8E18A2F6FB3FF /* [CP] Check Pods Manifest.lock */ = {
			isa = PBXShellScriptBuildPhase;
			buildActionMask = 2147483647;
			files = (
			);
			inputFileListPaths = (
			);
			inputPaths = (
				"${PODS_PODFILE_DIR_PATH}/Podfile.lock",
				"${PODS_ROOT}/Manifest.lock",
			);
			name = "[CP] Check Pods Manifest.lock";
			outputFileListPaths = (
			);
			outputPaths = (
				"$(DERIVED_FILE_DIR)/Pods-Roamr-checkManifestLockResult.txt",
			);
			runOnlyForDeploymentPostprocessing = 0;
			shellPath = /bin/sh;
			shellScript = "diff \"${PODS_PODFILE_DIR_PATH}/Podfile.lock\" \"${PODS_ROOT}/Manifest.lock\" > /dev/null\nif [ $? != 0 ] ; then\n    # print error to STDERR\n    echo \"error: The sandbox is not in sync with the Podfile.lock. Run 'pod install' or update your CocoaPods installation.\" >&2\n    exit 1\nfi\n# This output is used by Xcode 'outputs' to avoid re-running this script phase.\necho \"SUCCESS\" > \"${SCRIPT_OUTPUT_FILE_0}\"\n";
			showEnvVarsInLog = 0;
		};
/* End PBXShellScriptBuildPhase section */

/* Begin PBXSourcesBuildPhase section */
		D17D77232A7252D50085B9FB /* Sources */ = {
			isa = PBXSourcesBuildPhase;
			buildActionMask = 2147483647;
			files = (
				D17D772C2A7252D50085B9FB /* ContentView.swift in Sources */,
				D17D772A2A7252D50085B9FB /* Watch_RoamrApp.swift in Sources */,
			);
			runOnlyForDeploymentPostprocessing = 0;
		};
		D17D77322A7252D80085B9FB /* Sources */ = {
			isa = PBXSourcesBuildPhase;
			buildActionMask = 2147483647;
			files = (
				D17D773B2A7252D80085B9FB /* Watch_Roamr_Watch_AppTests.swift in Sources */,
			);
			runOnlyForDeploymentPostprocessing = 0;
		};
		D17D773C2A7252D80085B9FB /* Sources */ = {
			isa = PBXSourcesBuildPhase;
			buildActionMask = 2147483647;
			files = (
				D17D77472A7252D80085B9FB /* Watch_Roamr_Watch_AppUITestsLaunchTests.swift in Sources */,
				D17D77452A7252D80085B9FB /* Watch_Roamr_Watch_AppUITests.swift in Sources */,
			);
			runOnlyForDeploymentPostprocessing = 0;
		};
		DF2514DC2A2585CE0075EB42 /* Sources */ = {
			isa = PBXSourcesBuildPhase;
			buildActionMask = 2147483647;
			files = (
				D104AE442A7F837000BDCFCB /* AppIcon.swift in Sources */,
				D1F9DC0A2A80E980001283AE /* WelcomeViewController.swift in Sources */,
				DFBC4EA52A41439D00C0160D /* TableViewCell.swift in Sources */,
				D1AD22872A68E40F008E21DB /* BookmarksTableViewController.swift in Sources */,
				DF2514E82A2585CE0075EB42 /* ViewController.swift in Sources */,
				D105B0402A690D9C003ADDEC /* SettingsTableViewController.swift in Sources */,
				D1AD22852A68E3E4008E21DB /* BookmarkTableViewCell.swift in Sources */,
				DFBC4EA72A41468E00C0160D /* HistoryTableViewController.swift in Sources */,
				DF2514E42A2585CE0075EB42 /* AppDelegate.swift in Sources */,
				DF2514E62A2585CE0075EB42 /* SceneDelegate.swift in Sources */,
			);
			runOnlyForDeploymentPostprocessing = 0;
		};
		DF2514F22A2585D00075EB42 /* Sources */ = {
			isa = PBXSourcesBuildPhase;
			buildActionMask = 2147483647;
			files = (
				DF2514FB2A2585D00075EB42 /* BrowserTests.swift in Sources */,
			);
			runOnlyForDeploymentPostprocessing = 0;
		};
		DF2514FC2A2585D00075EB42 /* Sources */ = {
			isa = PBXSourcesBuildPhase;
			buildActionMask = 2147483647;
			files = (
				DF2515052A2585D00075EB42 /* BrowserUITests.swift in Sources */,
				DF2515072A2585D00075EB42 /* BrowserUITestsLaunchTests.swift in Sources */,
			);
			runOnlyForDeploymentPostprocessing = 0;
		};
/* End PBXSourcesBuildPhase section */

/* Begin PBXTargetDependency section */
		D17D77382A7252D80085B9FB /* PBXTargetDependency */ = {
			isa = PBXTargetDependency;
			target = D17D77262A7252D50085B9FB /* Watch Roamr Watch App */;
			targetProxy = D17D77372A7252D80085B9FB /* PBXContainerItemProxy */;
		};
		D17D77422A7252D80085B9FB /* PBXTargetDependency */ = {
			isa = PBXTargetDependency;
			target = D17D77262A7252D50085B9FB /* Watch Roamr Watch App */;
			targetProxy = D17D77412A7252D80085B9FB /* PBXContainerItemProxy */;
		};
		D17D77492A7252D80085B9FB /* PBXTargetDependency */ = {
			isa = PBXTargetDependency;
			target = D17D77262A7252D50085B9FB /* Watch Roamr Watch App */;
			targetProxy = D17D77482A7252D80085B9FB /* PBXContainerItemProxy */;
		};
		DF2514F82A2585D00075EB42 /* PBXTargetDependency */ = {
			isa = PBXTargetDependency;
			target = DF2514DF2A2585CE0075EB42 /* Roamr */;
			targetProxy = DF2514F72A2585D00075EB42 /* PBXContainerItemProxy */;
		};
		DF2515022A2585D00075EB42 /* PBXTargetDependency */ = {
			isa = PBXTargetDependency;
			target = DF2514DF2A2585CE0075EB42 /* Roamr */;
			targetProxy = DF2515012A2585D00075EB42 /* PBXContainerItemProxy */;
		};
/* End PBXTargetDependency section */

/* Begin PBXVariantGroup section */
		DF2514E92A2585CE0075EB42 /* Main.storyboard */ = {
			isa = PBXVariantGroup;
			children = (
				DF2514EA2A2585CE0075EB42 /* Base */,
			);
			name = Main.storyboard;
			sourceTree = "<group>";
		};
		DF2514EE2A2585D00075EB42 /* LaunchScreen.storyboard */ = {
			isa = PBXVariantGroup;
			children = (
				DF2514EF2A2585D00075EB42 /* Base */,
			);
			name = LaunchScreen.storyboard;
			sourceTree = "<group>";
		};
/* End PBXVariantGroup section */

/* Begin XCBuildConfiguration section */
		D17D774C2A7252D80085B9FB /* Debug */ = {
			isa = XCBuildConfiguration;
			buildSettings = {
				ASSETCATALOG_COMPILER_APPICON_NAME = AppIcon;
				ASSETCATALOG_COMPILER_GENERATE_SWIFT_ASSET_SYMBOL_EXTENSIONS = YES;
				ASSETCATALOG_COMPILER_GLOBAL_ACCENT_COLOR_NAME = AccentColor;
				CODE_SIGN_STYLE = Automatic;
				CURRENT_PROJECT_VERSION = 1;
				DEVELOPMENT_ASSET_PATHS = "\"Watch Roamr Watch App/Preview Content\"";
				DEVELOPMENT_TEAM = 6GQMCZS5X3;
				ENABLE_PREVIEWS = YES;
				ENABLE_USER_SCRIPT_SANDBOXING = YES;
				GCC_C_LANGUAGE_STANDARD = gnu17;
				GENERATE_INFOPLIST_FILE = YES;
				INFOPLIST_KEY_UISupportedInterfaceOrientations = "UIInterfaceOrientationPortrait UIInterfaceOrientationPortraitUpsideDown";
				INFOPLIST_KEY_WKCompanionAppBundleIdentifier = com.Aydanhawken.Browser;
				LD_RUNPATH_SEARCH_PATHS = (
					"$(inherited)",
					"@executable_path/Frameworks",
				);
				LOCALIZATION_PREFERS_STRING_CATALOGS = YES;
				MARKETING_VERSION = 1.0;
				PRODUCT_BUNDLE_IDENTIFIER = com.Aydanhawken.Browser.watchkitapp;
				PRODUCT_NAME = Roamr;
				SDKROOT = watchos;
				SKIP_INSTALL = YES;
				SWIFT_ACTIVE_COMPILATION_CONDITIONS = "DEBUG $(inherited)";
				SWIFT_EMIT_LOC_STRINGS = YES;
				SWIFT_VERSION = 5.0;
				TARGETED_DEVICE_FAMILY = 4;
				WATCHOS_DEPLOYMENT_TARGET = 8.0;
			};
			name = Debug;
		};
		D17D774D2A7252D80085B9FB /* Release */ = {
			isa = XCBuildConfiguration;
			buildSettings = {
				ASSETCATALOG_COMPILER_APPICON_NAME = AppIcon;
				ASSETCATALOG_COMPILER_GENERATE_SWIFT_ASSET_SYMBOL_EXTENSIONS = YES;
				ASSETCATALOG_COMPILER_GLOBAL_ACCENT_COLOR_NAME = AccentColor;
				CODE_SIGN_STYLE = Automatic;
				CURRENT_PROJECT_VERSION = 1;
				DEVELOPMENT_ASSET_PATHS = "\"Watch Roamr Watch App/Preview Content\"";
				DEVELOPMENT_TEAM = 6GQMCZS5X3;
				ENABLE_PREVIEWS = YES;
				ENABLE_USER_SCRIPT_SANDBOXING = YES;
				GCC_C_LANGUAGE_STANDARD = gnu17;
				GENERATE_INFOPLIST_FILE = YES;
				INFOPLIST_KEY_UISupportedInterfaceOrientations = "UIInterfaceOrientationPortrait UIInterfaceOrientationPortraitUpsideDown";
				INFOPLIST_KEY_WKCompanionAppBundleIdentifier = com.Aydanhawken.Browser;
				LD_RUNPATH_SEARCH_PATHS = (
					"$(inherited)",
					"@executable_path/Frameworks",
				);
				LOCALIZATION_PREFERS_STRING_CATALOGS = YES;
				MARKETING_VERSION = 1.0;
				PRODUCT_BUNDLE_IDENTIFIER = com.Aydanhawken.Browser.watchkitapp;
				PRODUCT_NAME = Roamr;
				SDKROOT = watchos;
				SKIP_INSTALL = YES;
				SWIFT_EMIT_LOC_STRINGS = YES;
				SWIFT_VERSION = 5.0;
				TARGETED_DEVICE_FAMILY = 4;
				WATCHOS_DEPLOYMENT_TARGET = 8.0;
			};
			name = Release;
		};
		D17D774F2A7252D80085B9FB /* Debug */ = {
			isa = XCBuildConfiguration;
			buildSettings = {
				ALWAYS_EMBED_SWIFT_STANDARD_LIBRARIES = YES;
				ASSETCATALOG_COMPILER_GENERATE_SWIFT_ASSET_SYMBOL_EXTENSIONS = YES;
				BUNDLE_LOADER = "$(TEST_HOST)";
				CODE_SIGN_STYLE = Automatic;
				CURRENT_PROJECT_VERSION = 1;
				DEVELOPMENT_TEAM = 6GQMCZS5X3;
				ENABLE_USER_SCRIPT_SANDBOXING = YES;
				GCC_C_LANGUAGE_STANDARD = gnu17;
				GENERATE_INFOPLIST_FILE = YES;
				LOCALIZATION_PREFERS_STRING_CATALOGS = YES;
				MARKETING_VERSION = 1.0;
				PRODUCT_BUNDLE_IDENTIFIER = "com.aydanhawken.Watch-Roamr-Watch-AppTests";
				PRODUCT_NAME = "$(TARGET_NAME)";
				SDKROOT = watchos;
				SWIFT_ACTIVE_COMPILATION_CONDITIONS = "DEBUG $(inherited)";
				SWIFT_EMIT_LOC_STRINGS = NO;
				SWIFT_VERSION = 5.0;
				TARGETED_DEVICE_FAMILY = 4;
				TEST_HOST = "$(BUILT_PRODUCTS_DIR)/Watch Roamr Watch App.app/$(BUNDLE_EXECUTABLE_FOLDER_PATH)/Watch Roamr Watch App";
				WATCHOS_DEPLOYMENT_TARGET = 8.0;
			};
			name = Debug;
		};
		D17D77502A7252D80085B9FB /* Release */ = {
			isa = XCBuildConfiguration;
			buildSettings = {
				ALWAYS_EMBED_SWIFT_STANDARD_LIBRARIES = YES;
				ASSETCATALOG_COMPILER_GENERATE_SWIFT_ASSET_SYMBOL_EXTENSIONS = YES;
				BUNDLE_LOADER = "$(TEST_HOST)";
				CODE_SIGN_STYLE = Automatic;
				CURRENT_PROJECT_VERSION = 1;
				DEVELOPMENT_TEAM = 6GQMCZS5X3;
				ENABLE_USER_SCRIPT_SANDBOXING = YES;
				GCC_C_LANGUAGE_STANDARD = gnu17;
				GENERATE_INFOPLIST_FILE = YES;
				LOCALIZATION_PREFERS_STRING_CATALOGS = YES;
				MARKETING_VERSION = 1.0;
				PRODUCT_BUNDLE_IDENTIFIER = "com.aydanhawken.Watch-Roamr-Watch-AppTests";
				PRODUCT_NAME = "$(TARGET_NAME)";
				SDKROOT = watchos;
				SWIFT_EMIT_LOC_STRINGS = NO;
				SWIFT_VERSION = 5.0;
				TARGETED_DEVICE_FAMILY = 4;
				TEST_HOST = "$(BUILT_PRODUCTS_DIR)/Watch Roamr Watch App.app/$(BUNDLE_EXECUTABLE_FOLDER_PATH)/Watch Roamr Watch App";
				WATCHOS_DEPLOYMENT_TARGET = 8.0;
			};
			name = Release;
		};
		D17D77522A7252D80085B9FB /* Debug */ = {
			isa = XCBuildConfiguration;
			buildSettings = {
				ALWAYS_EMBED_SWIFT_STANDARD_LIBRARIES = YES;
				ASSETCATALOG_COMPILER_GENERATE_SWIFT_ASSET_SYMBOL_EXTENSIONS = YES;
				CODE_SIGN_STYLE = Automatic;
				CURRENT_PROJECT_VERSION = 1;
				DEVELOPMENT_TEAM = 6GQMCZS5X3;
				ENABLE_USER_SCRIPT_SANDBOXING = YES;
				GCC_C_LANGUAGE_STANDARD = gnu17;
				GENERATE_INFOPLIST_FILE = YES;
				LOCALIZATION_PREFERS_STRING_CATALOGS = YES;
				MARKETING_VERSION = 1.0;
				PRODUCT_BUNDLE_IDENTIFIER = "com.aydanhawken.Watch-Roamr-Watch-AppUITests";
				PRODUCT_NAME = "$(TARGET_NAME)";
				SDKROOT = watchos;
				SWIFT_ACTIVE_COMPILATION_CONDITIONS = "DEBUG $(inherited)";
				SWIFT_EMIT_LOC_STRINGS = NO;
				SWIFT_VERSION = 5.0;
				TARGETED_DEVICE_FAMILY = 4;
				TEST_TARGET_NAME = "Watch Roamr Watch App";
				WATCHOS_DEPLOYMENT_TARGET = 8.0;
			};
			name = Debug;
		};
		D17D77532A7252D80085B9FB /* Release */ = {
			isa = XCBuildConfiguration;
			buildSettings = {
				ALWAYS_EMBED_SWIFT_STANDARD_LIBRARIES = YES;
				ASSETCATALOG_COMPILER_GENERATE_SWIFT_ASSET_SYMBOL_EXTENSIONS = YES;
				CODE_SIGN_STYLE = Automatic;
				CURRENT_PROJECT_VERSION = 1;
				DEVELOPMENT_TEAM = 6GQMCZS5X3;
				ENABLE_USER_SCRIPT_SANDBOXING = YES;
				GCC_C_LANGUAGE_STANDARD = gnu17;
				GENERATE_INFOPLIST_FILE = YES;
				LOCALIZATION_PREFERS_STRING_CATALOGS = YES;
				MARKETING_VERSION = 1.0;
				PRODUCT_BUNDLE_IDENTIFIER = "com.aydanhawken.Watch-Roamr-Watch-AppUITests";
				PRODUCT_NAME = "$(TARGET_NAME)";
				SDKROOT = watchos;
				SWIFT_EMIT_LOC_STRINGS = NO;
				SWIFT_VERSION = 5.0;
				TARGETED_DEVICE_FAMILY = 4;
				TEST_TARGET_NAME = "Watch Roamr Watch App";
				WATCHOS_DEPLOYMENT_TARGET = 8.0;
			};
			name = Release;
		};
		DF2515082A2585D00075EB42 /* Debug */ = {
			isa = XCBuildConfiguration;
			buildSettings = {
				ALWAYS_SEARCH_USER_PATHS = NO;
				ASSETCATALOG_COMPILER_GENERATE_SWIFT_ASSET_SYMBOL_EXTENSIONS = YES;
				CLANG_ANALYZER_NONNULL = YES;
				CLANG_ANALYZER_NUMBER_OBJECT_CONVERSION = YES_AGGRESSIVE;
				CLANG_CXX_LANGUAGE_STANDARD = "gnu++20";
				CLANG_ENABLE_MODULES = YES;
				CLANG_ENABLE_OBJC_ARC = YES;
				CLANG_ENABLE_OBJC_WEAK = YES;
				CLANG_WARN_BLOCK_CAPTURE_AUTORELEASING = YES;
				CLANG_WARN_BOOL_CONVERSION = YES;
				CLANG_WARN_COMMA = YES;
				CLANG_WARN_CONSTANT_CONVERSION = YES;
				CLANG_WARN_DEPRECATED_OBJC_IMPLEMENTATIONS = YES;
				CLANG_WARN_DIRECT_OBJC_ISA_USAGE = YES_ERROR;
				CLANG_WARN_DOCUMENTATION_COMMENTS = YES;
				CLANG_WARN_EMPTY_BODY = YES;
				CLANG_WARN_ENUM_CONVERSION = YES;
				CLANG_WARN_INFINITE_RECURSION = YES;
				CLANG_WARN_INT_CONVERSION = YES;
				CLANG_WARN_NON_LITERAL_NULL_CONVERSION = YES;
				CLANG_WARN_OBJC_IMPLICIT_RETAIN_SELF = YES;
				CLANG_WARN_OBJC_LITERAL_CONVERSION = YES;
				CLANG_WARN_OBJC_ROOT_CLASS = YES_ERROR;
				CLANG_WARN_QUOTED_INCLUDE_IN_FRAMEWORK_HEADER = YES;
				CLANG_WARN_RANGE_LOOP_ANALYSIS = YES;
				CLANG_WARN_STRICT_PROTOTYPES = YES;
				CLANG_WARN_SUSPICIOUS_MOVE = YES;
				CLANG_WARN_UNGUARDED_AVAILABILITY = YES_AGGRESSIVE;
				CLANG_WARN_UNREACHABLE_CODE = YES;
				CLANG_WARN__DUPLICATE_METHOD_MATCH = YES;
				COPY_PHASE_STRIP = NO;
				DEBUG_INFORMATION_FORMAT = dwarf;
				ENABLE_STRICT_OBJC_MSGSEND = YES;
				ENABLE_TESTABILITY = YES;
				GCC_C_LANGUAGE_STANDARD = gnu11;
				GCC_DYNAMIC_NO_PIC = NO;
				GCC_NO_COMMON_BLOCKS = YES;
				GCC_OPTIMIZATION_LEVEL = 0;
				GCC_PREPROCESSOR_DEFINITIONS = (
					"DEBUG=1",
					"$(inherited)",
				);
				GCC_WARN_64_TO_32_BIT_CONVERSION = YES;
				GCC_WARN_ABOUT_RETURN_TYPE = YES_ERROR;
				GCC_WARN_UNDECLARED_SELECTOR = YES;
				GCC_WARN_UNINITIALIZED_AUTOS = YES_AGGRESSIVE;
				GCC_WARN_UNUSED_FUNCTION = YES;
				GCC_WARN_UNUSED_VARIABLE = YES;
				IPHONEOS_DEPLOYMENT_TARGET = 15.0;
				MTL_ENABLE_DEBUG_INFO = INCLUDE_SOURCE;
				MTL_FAST_MATH = YES;
				ONLY_ACTIVE_ARCH = YES;
				SDKROOT = iphoneos;
				SWIFT_ACTIVE_COMPILATION_CONDITIONS = DEBUG;
				SWIFT_OPTIMIZATION_LEVEL = "-Onone";
				WATCHOS_DEPLOYMENT_TARGET = 9.0;
			};
			name = Debug;
		};
		DF2515092A2585D00075EB42 /* Release */ = {
			isa = XCBuildConfiguration;
			buildSettings = {
				ALWAYS_SEARCH_USER_PATHS = NO;
				ASSETCATALOG_COMPILER_GENERATE_SWIFT_ASSET_SYMBOL_EXTENSIONS = YES;
				CLANG_ANALYZER_NONNULL = YES;
				CLANG_ANALYZER_NUMBER_OBJECT_CONVERSION = YES_AGGRESSIVE;
				CLANG_CXX_LANGUAGE_STANDARD = "gnu++20";
				CLANG_ENABLE_MODULES = YES;
				CLANG_ENABLE_OBJC_ARC = YES;
				CLANG_ENABLE_OBJC_WEAK = YES;
				CLANG_WARN_BLOCK_CAPTURE_AUTORELEASING = YES;
				CLANG_WARN_BOOL_CONVERSION = YES;
				CLANG_WARN_COMMA = YES;
				CLANG_WARN_CONSTANT_CONVERSION = YES;
				CLANG_WARN_DEPRECATED_OBJC_IMPLEMENTATIONS = YES;
				CLANG_WARN_DIRECT_OBJC_ISA_USAGE = YES_ERROR;
				CLANG_WARN_DOCUMENTATION_COMMENTS = YES;
				CLANG_WARN_EMPTY_BODY = YES;
				CLANG_WARN_ENUM_CONVERSION = YES;
				CLANG_WARN_INFINITE_RECURSION = YES;
				CLANG_WARN_INT_CONVERSION = YES;
				CLANG_WARN_NON_LITERAL_NULL_CONVERSION = YES;
				CLANG_WARN_OBJC_IMPLICIT_RETAIN_SELF = YES;
				CLANG_WARN_OBJC_LITERAL_CONVERSION = YES;
				CLANG_WARN_OBJC_ROOT_CLASS = YES_ERROR;
				CLANG_WARN_QUOTED_INCLUDE_IN_FRAMEWORK_HEADER = YES;
				CLANG_WARN_RANGE_LOOP_ANALYSIS = YES;
				CLANG_WARN_STRICT_PROTOTYPES = YES;
				CLANG_WARN_SUSPICIOUS_MOVE = YES;
				CLANG_WARN_UNGUARDED_AVAILABILITY = YES_AGGRESSIVE;
				CLANG_WARN_UNREACHABLE_CODE = YES;
				CLANG_WARN__DUPLICATE_METHOD_MATCH = YES;
				COPY_PHASE_STRIP = NO;
				DEBUG_INFORMATION_FORMAT = "dwarf-with-dsym";
				ENABLE_NS_ASSERTIONS = NO;
				ENABLE_STRICT_OBJC_MSGSEND = YES;
				GCC_C_LANGUAGE_STANDARD = gnu11;
				GCC_NO_COMMON_BLOCKS = YES;
				GCC_WARN_64_TO_32_BIT_CONVERSION = YES;
				GCC_WARN_ABOUT_RETURN_TYPE = YES_ERROR;
				GCC_WARN_UNDECLARED_SELECTOR = YES;
				GCC_WARN_UNINITIALIZED_AUTOS = YES_AGGRESSIVE;
				GCC_WARN_UNUSED_FUNCTION = YES;
				GCC_WARN_UNUSED_VARIABLE = YES;
				IPHONEOS_DEPLOYMENT_TARGET = 15.0;
				MTL_ENABLE_DEBUG_INFO = NO;
				MTL_FAST_MATH = YES;
				SDKROOT = iphoneos;
				SWIFT_COMPILATION_MODE = wholemodule;
				SWIFT_OPTIMIZATION_LEVEL = "-O";
				VALIDATE_PRODUCT = YES;
				WATCHOS_DEPLOYMENT_TARGET = 9.0;
			};
			name = Release;
		};
		DF25150B2A2585D00075EB42 /* Debug */ = {
			isa = XCBuildConfiguration;
			baseConfigurationReference = B734C30B360EC41AA7A0121C /* Pods-Roamr.debug.xcconfig */;
			buildSettings = {
				ALWAYS_EMBED_SWIFT_STANDARD_LIBRARIES = YES;
				ASSETCATALOG_COMPILER_APPICON_NAME = "AppIcon-main";
				ASSETCATALOG_COMPILER_GLOBAL_ACCENT_COLOR_NAME = AccentColor;
				ASSETCATALOG_COMPILER_INCLUDE_ALL_APPICON_ASSETS = YES;
				CODE_SIGN_STYLE = Automatic;
				CURRENT_PROJECT_VERSION = 1;
				DEVELOPMENT_TEAM = 6GQMCZS5X3;
				GENERATE_INFOPLIST_FILE = YES;
				INFOPLIST_FILE = Browser/Info.plist;
				INFOPLIST_KEY_CFBundleDisplayName = Roamr;
				INFOPLIST_KEY_LSApplicationCategoryType = "public.app-category.utilities";
				INFOPLIST_KEY_LSSupportsOpeningDocumentsInPlace = YES;
				INFOPLIST_KEY_UIApplicationSupportsIndirectInputEvents = YES;
				INFOPLIST_KEY_UILaunchStoryboardName = LaunchScreen.storyboard;
				INFOPLIST_KEY_UIMainStoryboardFile = Main;
				INFOPLIST_KEY_UIStatusBarStyle = "";
				INFOPLIST_KEY_UISupportedInterfaceOrientations = UIInterfaceOrientationPortrait;
				INFOPLIST_KEY_UISupportedInterfaceOrientations_iPad = "UIInterfaceOrientationLandscapeLeft UIInterfaceOrientationLandscapeRight UIInterfaceOrientationPortrait UIInterfaceOrientationPortraitUpsideDown";
				IPHONEOS_DEPLOYMENT_TARGET = 15.0;
				LD_RUNPATH_SEARCH_PATHS = (
					"$(inherited)",
					"@executable_path/Frameworks",
				);
				MARKETING_VERSION = 1.2.0;
				PRODUCT_BUNDLE_IDENTIFIER = com.Aydanhawken.Browser;
				PRODUCT_NAME = "$(TARGET_NAME)";
				SUPPORTED_PLATFORMS = "iphoneos iphonesimulator";
				SUPPORTS_MACCATALYST = NO;
				SUPPORTS_XR_DESIGNED_FOR_IPHONE_IPAD = NO;
				SWIFT_EMIT_LOC_STRINGS = YES;
				SWIFT_VERSION = 5.0;
				TARGETED_DEVICE_FAMILY = 1;
			};
			name = Debug;
		};
		DF25150C2A2585D00075EB42 /* Release */ = {
			isa = XCBuildConfiguration;
			baseConfigurationReference = 81C5B5A88B14149439C96368 /* Pods-Roamr.release.xcconfig */;
			buildSettings = {
				ALWAYS_EMBED_SWIFT_STANDARD_LIBRARIES = YES;
				ASSETCATALOG_COMPILER_APPICON_NAME = "AppIcon-main";
				ASSETCATALOG_COMPILER_GLOBAL_ACCENT_COLOR_NAME = AccentColor;
				ASSETCATALOG_COMPILER_INCLUDE_ALL_APPICON_ASSETS = YES;
				CODE_SIGN_STYLE = Automatic;
				CURRENT_PROJECT_VERSION = 1;
				DEVELOPMENT_TEAM = 6GQMCZS5X3;
				GENERATE_INFOPLIST_FILE = YES;
				INFOPLIST_FILE = Browser/Info.plist;
				INFOPLIST_KEY_CFBundleDisplayName = Roamr;
				INFOPLIST_KEY_LSApplicationCategoryType = "public.app-category.utilities";
				INFOPLIST_KEY_LSSupportsOpeningDocumentsInPlace = YES;
				INFOPLIST_KEY_UIApplicationSupportsIndirectInputEvents = YES;
				INFOPLIST_KEY_UILaunchStoryboardName = LaunchScreen.storyboard;
				INFOPLIST_KEY_UIMainStoryboardFile = Main;
				INFOPLIST_KEY_UIStatusBarStyle = "";
				INFOPLIST_KEY_UISupportedInterfaceOrientations = UIInterfaceOrientationPortrait;
				INFOPLIST_KEY_UISupportedInterfaceOrientations_iPad = "UIInterfaceOrientationLandscapeLeft UIInterfaceOrientationLandscapeRight UIInterfaceOrientationPortrait UIInterfaceOrientationPortraitUpsideDown";
				IPHONEOS_DEPLOYMENT_TARGET = 15.0;
				LD_RUNPATH_SEARCH_PATHS = (
					"$(inherited)",
					"@executable_path/Frameworks",
				);
				MARKETING_VERSION = 1.2.0;
				PRODUCT_BUNDLE_IDENTIFIER = com.Aydanhawken.Browser;
				PRODUCT_NAME = "$(TARGET_NAME)";
				SUPPORTED_PLATFORMS = "iphoneos iphonesimulator";
				SUPPORTS_MACCATALYST = NO;
				SUPPORTS_XR_DESIGNED_FOR_IPHONE_IPAD = NO;
				SWIFT_EMIT_LOC_STRINGS = YES;
				SWIFT_VERSION = 5.0;
				TARGETED_DEVICE_FAMILY = 1;
			};
			name = Release;
		};
		DF25150E2A2585D00075EB42 /* Debug */ = {
			isa = XCBuildConfiguration;
			baseConfigurationReference = D8C946EA64504415D1A5FFB0 /* Pods-RoamrTests.debug.xcconfig */;
			buildSettings = {
				ALWAYS_EMBED_SWIFT_STANDARD_LIBRARIES = YES;
				BUNDLE_LOADER = "$(TEST_HOST)";
				CODE_SIGN_STYLE = Automatic;
				CURRENT_PROJECT_VERSION = 1;
				GENERATE_INFOPLIST_FILE = YES;
				IPHONEOS_DEPLOYMENT_TARGET = 15.0;
				MARKETING_VERSION = 1.0;
				PRODUCT_BUNDLE_IDENTIFIER = com.Aydanhawken.BrowserTests;
				PRODUCT_NAME = "$(TARGET_NAME)";
				SUPPORTED_PLATFORMS = "iphoneos iphonesimulator";
				SUPPORTS_MACCATALYST = YES;
				SUPPORTS_XR_DESIGNED_FOR_IPHONE_IPAD = NO;
				SWIFT_EMIT_LOC_STRINGS = NO;
				SWIFT_VERSION = 5.0;
				TARGETED_DEVICE_FAMILY = "1,2";
				TEST_HOST = "$(BUILT_PRODUCTS_DIR)/Roamr.app/$(BUNDLE_EXECUTABLE_FOLDER_PATH)/Roamr";
			};
			name = Debug;
		};
		DF25150F2A2585D00075EB42 /* Release */ = {
			isa = XCBuildConfiguration;
			baseConfigurationReference = 13C5F2035DF289513A4E257F /* Pods-RoamrTests.release.xcconfig */;
			buildSettings = {
				ALWAYS_EMBED_SWIFT_STANDARD_LIBRARIES = YES;
				BUNDLE_LOADER = "$(TEST_HOST)";
				CODE_SIGN_STYLE = Automatic;
				CURRENT_PROJECT_VERSION = 1;
				GENERATE_INFOPLIST_FILE = YES;
				IPHONEOS_DEPLOYMENT_TARGET = 15.0;
				MARKETING_VERSION = 1.0;
				PRODUCT_BUNDLE_IDENTIFIER = com.Aydanhawken.BrowserTests;
				PRODUCT_NAME = "$(TARGET_NAME)";
				SUPPORTED_PLATFORMS = "iphoneos iphonesimulator";
				SUPPORTS_MACCATALYST = YES;
				SUPPORTS_XR_DESIGNED_FOR_IPHONE_IPAD = NO;
				SWIFT_EMIT_LOC_STRINGS = NO;
				SWIFT_VERSION = 5.0;
				TARGETED_DEVICE_FAMILY = "1,2";
				TEST_HOST = "$(BUILT_PRODUCTS_DIR)/Roamr.app/$(BUNDLE_EXECUTABLE_FOLDER_PATH)/Roamr";
			};
			name = Release;
		};
		DF2515112A2585D00075EB42 /* Debug */ = {
			isa = XCBuildConfiguration;
			baseConfigurationReference = 5ADD2EF19E90D39062A20689 /* Pods-Roamr-RoamrUITests.debug.xcconfig */;
			buildSettings = {
				ALWAYS_EMBED_SWIFT_STANDARD_LIBRARIES = YES;
				CODE_SIGN_STYLE = Automatic;
				CURRENT_PROJECT_VERSION = 1;
				GENERATE_INFOPLIST_FILE = YES;
				MARKETING_VERSION = 1.0;
				PRODUCT_BUNDLE_IDENTIFIER = com.Aydanhawken.BrowserUITests;
				PRODUCT_NAME = "$(TARGET_NAME)";
				SUPPORTED_PLATFORMS = "iphoneos iphonesimulator";
				SUPPORTS_MACCATALYST = YES;
				SUPPORTS_XR_DESIGNED_FOR_IPHONE_IPAD = NO;
				SWIFT_EMIT_LOC_STRINGS = NO;
				SWIFT_VERSION = 5.0;
				TARGETED_DEVICE_FAMILY = "1,2";
				TEST_TARGET_NAME = Browser;
			};
			name = Debug;
		};
		DF2515122A2585D00075EB42 /* Release */ = {
			isa = XCBuildConfiguration;
			baseConfigurationReference = 5931D59F98D16558A93B0483 /* Pods-Roamr-RoamrUITests.release.xcconfig */;
			buildSettings = {
				ALWAYS_EMBED_SWIFT_STANDARD_LIBRARIES = YES;
				CODE_SIGN_STYLE = Automatic;
				CURRENT_PROJECT_VERSION = 1;
				GENERATE_INFOPLIST_FILE = YES;
				MARKETING_VERSION = 1.0;
				PRODUCT_BUNDLE_IDENTIFIER = com.Aydanhawken.BrowserUITests;
				PRODUCT_NAME = "$(TARGET_NAME)";
				SUPPORTED_PLATFORMS = "iphoneos iphonesimulator";
				SUPPORTS_MACCATALYST = YES;
				SUPPORTS_XR_DESIGNED_FOR_IPHONE_IPAD = NO;
				SWIFT_EMIT_LOC_STRINGS = NO;
				SWIFT_VERSION = 5.0;
				TARGETED_DEVICE_FAMILY = "1,2";
				TEST_TARGET_NAME = Browser;
			};
			name = Release;
		};
/* End XCBuildConfiguration section */

/* Begin XCConfigurationList section */
		D17D774B2A7252D80085B9FB /* Build configuration list for PBXNativeTarget "Watch Roamr Watch App" */ = {
			isa = XCConfigurationList;
			buildConfigurations = (
				D17D774C2A7252D80085B9FB /* Debug */,
				D17D774D2A7252D80085B9FB /* Release */,
			);
			defaultConfigurationIsVisible = 0;
			defaultConfigurationName = Release;
		};
		D17D774E2A7252D80085B9FB /* Build configuration list for PBXNativeTarget "Watch Roamr Watch AppTests" */ = {
			isa = XCConfigurationList;
			buildConfigurations = (
				D17D774F2A7252D80085B9FB /* Debug */,
				D17D77502A7252D80085B9FB /* Release */,
			);
			defaultConfigurationIsVisible = 0;
			defaultConfigurationName = Release;
		};
		D17D77512A7252D80085B9FB /* Build configuration list for PBXNativeTarget "Watch Roamr Watch AppUITests" */ = {
			isa = XCConfigurationList;
			buildConfigurations = (
				D17D77522A7252D80085B9FB /* Debug */,
				D17D77532A7252D80085B9FB /* Release */,
			);
			defaultConfigurationIsVisible = 0;
			defaultConfigurationName = Release;
		};
		DF2514DB2A2585CE0075EB42 /* Build configuration list for PBXProject "Roamr" */ = {
			isa = XCConfigurationList;
			buildConfigurations = (
				DF2515082A2585D00075EB42 /* Debug */,
				DF2515092A2585D00075EB42 /* Release */,
			);
			defaultConfigurationIsVisible = 0;
			defaultConfigurationName = Release;
		};
		DF25150A2A2585D00075EB42 /* Build configuration list for PBXNativeTarget "Roamr" */ = {
			isa = XCConfigurationList;
			buildConfigurations = (
				DF25150B2A2585D00075EB42 /* Debug */,
				DF25150C2A2585D00075EB42 /* Release */,
			);
			defaultConfigurationIsVisible = 0;
			defaultConfigurationName = Release;
		};
		DF25150D2A2585D00075EB42 /* Build configuration list for PBXNativeTarget "RoamrTests" */ = {
			isa = XCConfigurationList;
			buildConfigurations = (
				DF25150E2A2585D00075EB42 /* Debug */,
				DF25150F2A2585D00075EB42 /* Release */,
			);
			defaultConfigurationIsVisible = 0;
			defaultConfigurationName = Release;
		};
		DF2515102A2585D00075EB42 /* Build configuration list for PBXNativeTarget "RoamrUITests" */ = {
			isa = XCConfigurationList;
			buildConfigurations = (
				DF2515112A2585D00075EB42 /* Debug */,
				DF2515122A2585D00075EB42 /* Release */,
			);
			defaultConfigurationIsVisible = 0;
			defaultConfigurationName = Release;
		};
/* End XCConfigurationList section */
	};
	rootObject = DF2514D82A2585CE0075EB42 /* Project object */;
}
