// !$*UTF8*$!
{
	archiveVersion = 1;
	classes = {
	};
	objectVersion = 56;
	objects = {

/* Begin PBXBuildFile section */
		DF2514E42A2585CE0075EB42 /* AppDelegate.swift in Sources */ = {isa = PBXBuildFile; fileRef = DF2514E32A2585CE0075EB42 /* AppDelegate.swift */; };
		DF2514E62A2585CE0075EB42 /* SceneDelegate.swift in Sources */ = {isa = PBXBuildFile; fileRef = DF2514E52A2585CE0075EB42 /* SceneDelegate.swift */; };
		DF2514E82A2585CE0075EB42 /* ViewController.swift in Sources */ = {isa = PBXBuildFile; fileRef = DF2514E72A2585CE0075EB42 /* ViewController.swift */; };
		DF2514EB2A2585CE0075EB42 /* Main.storyboard in Resources */ = {isa = PBXBuildFile; fileRef = DF2514E92A2585CE0075EB42 /* Main.storyboard */; };
		DF2514ED2A2585D00075EB42 /* Assets.xcassets in Resources */ = {isa = PBXBuildFile; fileRef = DF2514EC2A2585D00075EB42 /* Assets.xcassets */; };
		DF2514F02A2585D00075EB42 /* LaunchScreen.storyboard in Resources */ = {isa = PBXBuildFile; fileRef = DF2514EE2A2585D00075EB42 /* LaunchScreen.storyboard */; };
		DF2514FB2A2585D00075EB42 /* BrowserTests.swift in Sources */ = {isa = PBXBuildFile; fileRef = DF2514FA2A2585D00075EB42 /* BrowserTests.swift */; };
		DF2515052A2585D00075EB42 /* BrowserUITests.swift in Sources */ = {isa = PBXBuildFile; fileRef = DF2515042A2585D00075EB42 /* BrowserUITests.swift */; };
		DF2515072A2585D00075EB42 /* BrowserUITestsLaunchTests.swift in Sources */ = {isa = PBXBuildFile; fileRef = DF2515062A2585D00075EB42 /* BrowserUITestsLaunchTests.swift */; };
/* End PBXBuildFile section */

/* Begin PBXContainerItemProxy section */
		DF2514F72A2585D00075EB42 /* PBXContainerItemProxy */ = {
			isa = PBXContainerItemProxy;
			containerPortal = DF2514D82A2585CE0075EB42 /* Project object */;
			proxyType = 1;
			remoteGlobalIDString = DF2514DF2A2585CE0075EB42;
			remoteInfo = Browser;
		};
		DF2515012A2585D00075EB42 /* PBXContainerItemProxy */ = {
			isa = PBXContainerItemProxy;
			containerPortal = DF2514D82A2585CE0075EB42 /* Project object */;
			proxyType = 1;
			remoteGlobalIDString = DF2514DF2A2585CE0075EB42;
			remoteInfo = Browser;
		};
/* End PBXContainerItemProxy section */

/* Begin PBXFileReference section */
		DF2514E02A2585CE0075EB42 /* Browser.app */ = {isa = PBXFileReference; explicitFileType = wrapper.application; includeInIndex = 0; path = Browser.app; sourceTree = BUILT_PRODUCTS_DIR; };
		DF2514E32A2585CE0075EB42 /* AppDelegate.swift */ = {isa = PBXFileReference; lastKnownFileType = sourcecode.swift; path = AppDelegate.swift; sourceTree = "<group>"; };
		DF2514E52A2585CE0075EB42 /* SceneDelegate.swift */ = {isa = PBXFileReference; lastKnownFileType = sourcecode.swift; path = SceneDelegate.swift; sourceTree = "<group>"; };
		DF2514E72A2585CE0075EB42 /* ViewController.swift */ = {isa = PBXFileReference; lastKnownFileType = sourcecode.swift; path = ViewController.swift; sourceTree = "<group>"; };
		DF2514EA2A2585CE0075EB42 /* Base */ = {isa = PBXFileReference; lastKnownFileType = file.storyboard; name = Base; path = Base.lproj/Main.storyboard; sourceTree = "<group>"; };
		DF2514EC2A2585D00075EB42 /* Assets.xcassets */ = {isa = PBXFileReference; lastKnownFileType = folder.assetcatalog; path = Assets.xcassets; sourceTree = "<group>"; };
		DF2514EF2A2585D00075EB42 /* Base */ = {isa = PBXFileReference; lastKnownFileType = file.storyboard; name = Base; path = Base.lproj/LaunchScreen.storyboard; sourceTree = "<group>"; };
		DF2514F12A2585D00075EB42 /* Info.plist */ = {isa = PBXFileReference; lastKnownFileType = text.plist.xml; path = Info.plist; sourceTree = "<group>"; };
		DF2514F62A2585D00075EB42 /* BrowserTests.xctest */ = {isa = PBXFileReference; explicitFileType = wrapper.cfbundle; includeInIndex = 0; path = BrowserTests.xctest; sourceTree = BUILT_PRODUCTS_DIR; };
		DF2514FA2A2585D00075EB42 /* BrowserTests.swift */ = {isa = PBXFileReference; lastKnownFileType = sourcecode.swift; path = BrowserTests.swift; sourceTree = "<group>"; };
		DF2515002A2585D00075EB42 /* BrowserUITests.xctest */ = {isa = PBXFileReference; explicitFileType = wrapper.cfbundle; includeInIndex = 0; path = BrowserUITests.xctest; sourceTree = BUILT_PRODUCTS_DIR; };
		DF2515042A2585D00075EB42 /* BrowserUITests.swift */ = {isa = PBXFileReference; lastKnownFileType = sourcecode.swift; path = BrowserUITests.swift; sourceTree = "<group>"; };
		DF2515062A2585D00075EB42 /* BrowserUITestsLaunchTests.swift */ = {isa = PBXFileReference; lastKnownFileType = sourcecode.swift; path = BrowserUITestsLaunchTests.swift; sourceTree = "<group>"; };
/* End PBXFileReference section */

/* Begin PBXFrameworksBuildPhase section */
		DF2514DD2A2585CE0075EB42 /* Frameworks */ = {
			isa = PBXFrameworksBuildPhase;
			buildActionMask = 2147483647;
			files = (
			);
			runOnlyForDeploymentPostprocessing = 0;
		};
		DF2514F32A2585D00075EB42 /* Frameworks */ = {
			isa = PBXFrameworksBuildPhase;
			buildActionMask = 2147483647;
			files = (
			);
			runOnlyForDeploymentPostprocessing = 0;
		};
		DF2514FD2A2585D00075EB42 /* Frameworks */ = {
			isa = PBXFrameworksBuildPhase;
			buildActionMask = 2147483647;
			files = (
			);
			runOnlyForDeploymentPostprocessing = 0;
		};
/* End PBXFrameworksBuildPhase section */

/* Begin PBXGroup section */
		DF2514D72A2585CE0075EB42 = {
			isa = PBXGroup;
			children = (
				DF2514E22A2585CE0075EB42 /* Browser */,
				DF2514F92A2585D00075EB42 /* BrowserTests */,
				DF2515032A2585D00075EB42 /* BrowserUITests */,
				DF2514E12A2585CE0075EB42 /* Products */,
			);
			sourceTree = "<group>";
		};
		DF2514E12A2585CE0075EB42 /* Products */ = {
			isa = PBXGroup;
			children = (
				DF2514E02A2585CE0075EB42 /* Browser.app */,
				DF2514F62A2585D00075EB42 /* BrowserTests.xctest */,
				DF2515002A2585D00075EB42 /* BrowserUITests.xctest */,
			);
			name = Products;
			sourceTree = "<group>";
		};
		DF2514E22A2585CE0075EB42 /* Browser */ = {
			isa = PBXGroup;
			children = (
				DF2514E32A2585CE0075EB42 /* AppDelegate.swift */,
				DF2514E52A2585CE0075EB42 /* SceneDelegate.swift */,
				DF2514E72A2585CE0075EB42 /* ViewController.swift */,
				DF2514E92A2585CE0075EB42 /* Main.storyboard */,
				DF2514EC2A2585D00075EB42 /* Assets.xcassets */,
				DF2514EE2A2585D00075EB42 /* LaunchScreen.storyboard */,
				DF2514F12A2585D00075EB42 /* Info.plist */,
			);
			path = Browser;
			sourceTree = "<group>";
		};
		DF2514F92A2585D00075EB42 /* BrowserTests */ = {
			isa = PBXGroup;
			children = (
				DF2514FA2A2585D00075EB42 /* BrowserTests.swift */,
			);
			path = BrowserTests;
			sourceTree = "<group>";
		};
		DF2515032A2585D00075EB42 /* BrowserUITests */ = {
			isa = PBXGroup;
			children = (
				DF2515042A2585D00075EB42 /* BrowserUITests.swift */,
				DF2515062A2585D00075EB42 /* BrowserUITestsLaunchTests.swift */,
			);
			path = BrowserUITests;
			sourceTree = "<group>";
		};
/* End PBXGroup section */

/* Begin PBXNativeTarget section */
		DF2514DF2A2585CE0075EB42 /* Browser */ = {
			isa = PBXNativeTarget;
			buildConfigurationList = DF25150A2A2585D00075EB42 /* Build configuration list for PBXNativeTarget "Browser" */;
			buildPhases = (
				DF2514DC2A2585CE0075EB42 /* Sources */,
				DF2514DD2A2585CE0075EB42 /* Frameworks */,
				DF2514DE2A2585CE0075EB42 /* Resources */,
			);
			buildRules = (
			);
			dependencies = (
			);
			name = Browser;
			productName = Browser;
			productReference = DF2514E02A2585CE0075EB42 /* Browser.app */;
			productType = "com.apple.product-type.application";
		};
		DF2514F52A2585D00075EB42 /* BrowserTests */ = {
			isa = PBXNativeTarget;
			buildConfigurationList = DF25150D2A2585D00075EB42 /* Build configuration list for PBXNativeTarget "BrowserTests" */;
			buildPhases = (
				DF2514F22A2585D00075EB42 /* Sources */,
				DF2514F32A2585D00075EB42 /* Frameworks */,
				DF2514F42A2585D00075EB42 /* Resources */,
			);
			buildRules = (
			);
			dependencies = (
				DF2514F82A2585D00075EB42 /* PBXTargetDependency */,
			);
			name = BrowserTests;
			productName = BrowserTests;
			productReference = DF2514F62A2585D00075EB42 /* BrowserTests.xctest */;
			productType = "com.apple.product-type.bundle.unit-test";
		};
		DF2514FF2A2585D00075EB42 /* BrowserUITests */ = {
			isa = PBXNativeTarget;
			buildConfigurationList = DF2515102A2585D00075EB42 /* Build configuration list for PBXNativeTarget "BrowserUITests" */;
			buildPhases = (
				DF2514FC2A2585D00075EB42 /* Sources */,
				DF2514FD2A2585D00075EB42 /* Frameworks */,
				DF2514FE2A2585D00075EB42 /* Resources */,
			);
			buildRules = (
			);
			dependencies = (
				DF2515022A2585D00075EB42 /* PBXTargetDependency */,
			);
			name = BrowserUITests;
			productName = BrowserUITests;
			productReference = DF2515002A2585D00075EB42 /* BrowserUITests.xctest */;
			productType = "com.apple.product-type.bundle.ui-testing";
		};
/* End PBXNativeTarget section */

/* Begin PBXProject section */
		DF2514D82A2585CE0075EB42 /* Project object */ = {
			isa = PBXProject;
			attributes = {
				BuildIndependentTargetsInParallel = 1;
				LastSwiftUpdateCheck = 1430;
				LastUpgradeCheck = 1430;
				TargetAttributes = {
					DF2514DF2A2585CE0075EB42 = {
						CreatedOnToolsVersion = 14.3;
					};
					DF2514F52A2585D00075EB42 = {
						CreatedOnToolsVersion = 14.3;
						TestTargetID = DF2514DF2A2585CE0075EB42;
					};
					DF2514FF2A2585D00075EB42 = {
						CreatedOnToolsVersion = 14.3;
						TestTargetID = DF2514DF2A2585CE0075EB42;
					};
				};
			};
			buildConfigurationList = DF2514DB2A2585CE0075EB42 /* Build configuration list for PBXProject "Browser" */;
			compatibilityVersion = "Xcode 14.0";
			developmentRegion = en;
			hasScannedForEncodings = 0;
			knownRegions = (
				en,
				Base,
			);
			mainGroup = DF2514D72A2585CE0075EB42;
			productRefGroup = DF2514E12A2585CE0075EB42 /* Products */;
			projectDirPath = "";
			projectRoot = "";
			targets = (
				DF2514DF2A2585CE0075EB42 /* Browser */,
				DF2514F52A2585D00075EB42 /* BrowserTests */,
				DF2514FF2A2585D00075EB42 /* BrowserUITests */,
			);
		};
/* End PBXProject section */

/* Begin PBXResourcesBuildPhase section */
		DF2514DE2A2585CE0075EB42 /* Resources */ = {
			isa = PBXResourcesBuildPhase;
			buildActionMask = 2147483647;
			files = (
				DF2514F02A2585D00075EB42 /* LaunchScreen.storyboard in Resources */,
				DF2514ED2A2585D00075EB42 /* Assets.xcassets in Resources */,
				DF2514EB2A2585CE0075EB42 /* Main.storyboard in Resources */,
			);
			runOnlyForDeploymentPostprocessing = 0;
		};
		DF2514F42A2585D00075EB42 /* Resources */ = {
			isa = PBXResourcesBuildPhase;
			buildActionMask = 2147483647;
			files = (
			);
			runOnlyForDeploymentPostprocessing = 0;
		};
		DF2514FE2A2585D00075EB42 /* Resources */ = {
			isa = PBXResourcesBuildPhase;
			buildActionMask = 2147483647;
			files = (
			);
			runOnlyForDeploymentPostprocessing = 0;
		};
/* End PBXResourcesBuildPhase section */

/* Begin PBXSourcesBuildPhase section */
		DF2514DC2A2585CE0075EB42 /* Sources */ = {
			isa = PBXSourcesBuildPhase;
			buildActionMask = 2147483647;
			files = (
				DF2514E82A2585CE0075EB42 /* ViewController.swift in Sources */,
				DF2514E42A2585CE0075EB42 /* AppDelegate.swift in Sources */,
				DF2514E62A2585CE0075EB42 /* SceneDelegate.swift in Sources */,
			);
			runOnlyForDeploymentPostprocessing = 0;
		};
		DF2514F22A2585D00075EB42 /* Sources */ = {
			isa = PBXSourcesBuildPhase;
			buildActionMask = 2147483647;
			files = (
				DF2514FB2A2585D00075EB42 /* BrowserTests.swift in Sources */,
			);
			runOnlyForDeploymentPostprocessing = 0;
		};
		DF2514FC2A2585D00075EB42 /* Sources */ = {
			isa = PBXSourcesBuildPhase;
			buildActionMask = 2147483647;
			files = (
				DF2515052A2585D00075EB42 /* BrowserUITests.swift in Sources */,
				DF2515072A2585D00075EB42 /* BrowserUITestsLaunchTests.swift in Sources */,
			);
			runOnlyForDeploymentPostprocessing = 0;
		};
/* End PBXSourcesBuildPhase section */

/* Begin PBXTargetDependency section */
		DF2514F82A2585D00075EB42 /* PBXTargetDependency */ = {
			isa = PBXTargetDependency;
			target = DF2514DF2A2585CE0075EB42 /* Browser */;
			targetProxy = DF2514F72A2585D00075EB42 /* PBXContainerItemProxy */;
		};
		DF2515022A2585D00075EB42 /* PBXTargetDependency */ = {
			isa = PBXTargetDependency;
			target = DF2514DF2A2585CE0075EB42 /* Browser */;
			targetProxy = DF2515012A2585D00075EB42 /* PBXContainerItemProxy */;
		};
/* End PBXTargetDependency section */

/* Begin PBXVariantGroup section */
		DF2514E92A2585CE0075EB42 /* Main.storyboard */ = {
			isa = PBXVariantGroup;
			children = (
				DF2514EA2A2585CE0075EB42 /* Base */,
			);
			name = Main.storyboard;
			sourceTree = "<group>";
		};
		DF2514EE2A2585D00075EB42 /* LaunchScreen.storyboard */ = {
			isa = PBXVariantGroup;
			children = (
				DF2514EF2A2585D00075EB42 /* Base */,
			);
			name = LaunchScreen.storyboard;
			sourceTree = "<group>";
		};
/* End PBXVariantGroup section */

/* Begin XCBuildConfiguration section */
		DF2515082A2585D00075EB42 /* Debug */ = {
			isa = XCBuildConfiguration;
			buildSettings = {
				ALWAYS_SEARCH_USER_PATHS = NO;
				CLANG_ANALYZER_NONNULL = YES;
				CLANG_ANALYZER_NUMBER_OBJECT_CONVERSION = YES_AGGRESSIVE;
				CLANG_CXX_LANGUAGE_STANDARD = "gnu++20";
				CLANG_ENABLE_MODULES = YES;
				CLANG_ENABLE_OBJC_ARC = YES;
				CLANG_ENABLE_OBJC_WEAK = YES;
				CLANG_WARN_BLOCK_CAPTURE_AUTORELEASING = YES;
				CLANG_WARN_BOOL_CONVERSION = YES;
				CLANG_WARN_COMMA = YES;
				CLANG_WARN_CONSTANT_CONVERSION = YES;
				CLANG_WARN_DEPRECATED_OBJC_IMPLEMENTATIONS = YES;
				CLANG_WARN_DIRECT_OBJC_ISA_USAGE = YES_ERROR;
				CLANG_WARN_DOCUMENTATION_COMMENTS = YES;
				CLANG_WARN_EMPTY_BODY = YES;
				CLANG_WARN_ENUM_CONVERSION = YES;
				CLANG_WARN_INFINITE_RECURSION = YES;
				CLANG_WARN_INT_CONVERSION = YES;
				CLANG_WARN_NON_LITERAL_NULL_CONVERSION = YES;
				CLANG_WARN_OBJC_IMPLICIT_RETAIN_SELF = YES;
				CLANG_WARN_OBJC_LITERAL_CONVERSION = YES;
				CLANG_WARN_OBJC_ROOT_CLASS = YES_ERROR;
				CLANG_WARN_QUOTED_INCLUDE_IN_FRAMEWORK_HEADER = YES;
				CLANG_WARN_RANGE_LOOP_ANALYSIS = YES;
				CLANG_WARN_STRICT_PROTOTYPES = YES;
				CLANG_WARN_SUSPICIOUS_MOVE = YES;
				CLANG_WARN_UNGUARDED_AVAILABILITY = YES_AGGRESSIVE;
				CLANG_WARN_UNREACHABLE_CODE = YES;
				CLANG_WARN__DUPLICATE_METHOD_MATCH = YES;
				COPY_PHASE_STRIP = NO;
				DEBUG_INFORMATION_FORMAT = dwarf;
				ENABLE_STRICT_OBJC_MSGSEND = YES;
				ENABLE_TESTABILITY = YES;
				GCC_C_LANGUAGE_STANDARD = gnu11;
				GCC_DYNAMIC_NO_PIC = NO;
				GCC_NO_COMMON_BLOCKS = YES;
				GCC_OPTIMIZATION_LEVEL = 0;
				GCC_PREPROCESSOR_DEFINITIONS = (
					"DEBUG=1",
					"$(inherited)",
				);
				GCC_WARN_64_TO_32_BIT_CONVERSION = YES;
				GCC_WARN_ABOUT_RETURN_TYPE = YES_ERROR;
				GCC_WARN_UNDECLARED_SELECTOR = YES;
				GCC_WARN_UNINITIALIZED_AUTOS = YES_AGGRESSIVE;
				GCC_WARN_UNUSED_FUNCTION = YES;
				GCC_WARN_UNUSED_VARIABLE = YES;
				IPHONEOS_DEPLOYMENT_TARGET = 16.4;
				MTL_ENABLE_DEBUG_INFO = INCLUDE_SOURCE;
				MTL_FAST_MATH = YES;
				ONLY_ACTIVE_ARCH = YES;
				SDKROOT = iphoneos;
				SWIFT_ACTIVE_COMPILATION_CONDITIONS = DEBUG;
				SWIFT_OPTIMIZATION_LEVEL = "-Onone";
			};
			name = Debug;
		};
		DF2515092A2585D00075EB42 /* Release */ = {
			isa = XCBuildConfiguration;
			buildSettings = {
				ALWAYS_SEARCH_USER_PATHS = NO;
				CLANG_ANALYZER_NONNULL = YES;
				CLANG_ANALYZER_NUMBER_OBJECT_CONVERSION = YES_AGGRESSIVE;
				CLANG_CXX_LANGUAGE_STANDARD = "gnu++20";
				CLANG_ENABLE_MODULES = YES;
				CLANG_ENABLE_OBJC_ARC = YES;
				CLANG_ENABLE_OBJC_WEAK = YES;
				CLANG_WARN_BLOCK_CAPTURE_AUTORELEASING = YES;
				CLANG_WARN_BOOL_CONVERSION = YES;
				CLANG_WARN_COMMA = YES;
				CLANG_WARN_CONSTANT_CONVERSION = YES;
				CLANG_WARN_DEPRECATED_OBJC_IMPLEMENTATIONS = YES;
				CLANG_WARN_DIRECT_OBJC_ISA_USAGE = YES_ERROR;
				CLANG_WARN_DOCUMENTATION_COMMENTS = YES;
				CLANG_WARN_EMPTY_BODY = YES;
				CLANG_WARN_ENUM_CONVERSION = YES;
				CLANG_WARN_INFINITE_RECURSION = YES;
				CLANG_WARN_INT_CONVERSION = YES;
				CLANG_WARN_NON_LITERAL_NULL_CONVERSION = YES;
				CLANG_WARN_OBJC_IMPLICIT_RETAIN_SELF = YES;
				CLANG_WARN_OBJC_LITERAL_CONVERSION = YES;
				CLANG_WARN_OBJC_ROOT_CLASS = YES_ERROR;
				CLANG_WARN_QUOTED_INCLUDE_IN_FRAMEWORK_HEADER = YES;
				CLANG_WARN_RANGE_LOOP_ANALYSIS = YES;
				CLANG_WARN_STRICT_PROTOTYPES = YES;
				CLANG_WARN_SUSPICIOUS_MOVE = YES;
				CLANG_WARN_UNGUARDED_AVAILABILITY = YES_AGGRESSIVE;
				CLANG_WARN_UNREACHABLE_CODE = YES;
				CLANG_WARN__DUPLICATE_METHOD_MATCH = YES;
				COPY_PHASE_STRIP = NO;
				DEBUG_INFORMATION_FORMAT = "dwarf-with-dsym";
				ENABLE_NS_ASSERTIONS = NO;
				ENABLE_STRICT_OBJC_MSGSEND = YES;
				GCC_C_LANGUAGE_STANDARD = gnu11;
				GCC_NO_COMMON_BLOCKS = YES;
				GCC_WARN_64_TO_32_BIT_CONVERSION = YES;
				GCC_WARN_ABOUT_RETURN_TYPE = YES_ERROR;
				GCC_WARN_UNDECLARED_SELECTOR = YES;
				GCC_WARN_UNINITIALIZED_AUTOS = YES_AGGRESSIVE;
				GCC_WARN_UNUSED_FUNCTION = YES;
				GCC_WARN_UNUSED_VARIABLE = YES;
				IPHONEOS_DEPLOYMENT_TARGET = 16.4;
				MTL_ENABLE_DEBUG_INFO = NO;
				MTL_FAST_MATH = YES;
				SDKROOT = iphoneos;
				SWIFT_COMPILATION_MODE = wholemodule;
				SWIFT_OPTIMIZATION_LEVEL = "-O";
				VALIDATE_PRODUCT = YES;
			};
			name = Release;
		};
		DF25150B2A2585D00075EB42 /* Debug */ = {
			isa = XCBuildConfiguration;
			buildSettings = {
				ASSETCATALOG_COMPILER_APPICON_NAME = AppIcon;
				ASSETCATALOG_COMPILER_GLOBAL_ACCENT_COLOR_NAME = AccentColor;
				CODE_SIGN_STYLE = Automatic;
				CURRENT_PROJECT_VERSION = 1;
				GENERATE_INFOPLIST_FILE = YES;
				INFOPLIST_FILE = Browser/Info.plist;
				INFOPLIST_KEY_CFBundleDisplayName = Browser;
				INFOPLIST_KEY_UIApplicationSupportsIndirectInputEvents = YES;
				INFOPLIST_KEY_UILaunchStoryboardName = LaunchScreen;
				INFOPLIST_KEY_UIMainStoryboardFile = Main;
				INFOPLIST_KEY_UISupportedInterfaceOrientations = "UIInterfaceOrientationLandscapeLeft UIInterfaceOrientationLandscapeRight UIInterfaceOrientationPortrait";
				INFOPLIST_KEY_UISupportedInterfaceOrientations_iPad = "UIInterfaceOrientationLandscapeLeft UIInterfaceOrientationLandscapeRight UIInterfaceOrientationPortrait UIInterfaceOrientationPortraitUpsideDown";
				IPHONEOS_DEPLOYMENT_TARGET = 16.0;
				LD_RUNPATH_SEARCH_PATHS = (
					"$(inherited)",
					"@executable_path/Frameworks",
				);
				MARKETING_VERSION = 0.1;
				PRODUCT_BUNDLE_IDENTIFIER = com.Aydanhawken.Browser;
				PRODUCT_NAME = "$(TARGET_NAME)";
				SWIFT_EMIT_LOC_STRINGS = YES;
				SWIFT_VERSION = 5.0;
				TARGETED_DEVICE_FAMILY = "1,2";
			};
			name = Debug;
		};
		DF25150C2A2585D00075EB42 /* Release */ = {
			isa = XCBuildConfiguration;
			buildSettings = {
				ASSETCATALOG_COMPILER_APPICON_NAME = AppIcon;
				ASSETCATALOG_COMPILER_GLOBAL_ACCENT_COLOR_NAME = AccentColor;
				CODE_SIGN_STYLE = Automatic;
				CURRENT_PROJECT_VERSION = 1;
				GENERATE_INFOPLIST_FILE = YES;
				INFOPLIST_FILE = Browser/Info.plist;
				INFOPLIST_KEY_CFBundleDisplayName = Browser;
				INFOPLIST_KEY_UIApplicationSupportsIndirectInputEvents = YES;
				INFOPLIST_KEY_UILaunchStoryboardName = LaunchScreen;
				INFOPLIST_KEY_UIMainStoryboardFile = Main;
				INFOPLIST_KEY_UISupportedInterfaceOrientations = "UIInterfaceOrientationLandscapeLeft UIInterfaceOrientationLandscapeRight UIInterfaceOrientationPortrait";
				INFOPLIST_KEY_UISupportedInterfaceOrientations_iPad = "UIInterfaceOrientationLandscapeLeft UIInterfaceOrientationLandscapeRight UIInterfaceOrientationPortrait UIInterfaceOrientationPortraitUpsideDown";
				IPHONEOS_DEPLOYMENT_TARGET = 16.0;
				LD_RUNPATH_SEARCH_PATHS = (
					"$(inherited)",
					"@executable_path/Frameworks",
				);
				MARKETING_VERSION = 0.1;
				PRODUCT_BUNDLE_IDENTIFIER = com.Aydanhawken.Browser;
				PRODUCT_NAME = "$(TARGET_NAME)";
				SWIFT_EMIT_LOC_STRINGS = YES;
				SWIFT_VERSION = 5.0;
				TARGETED_DEVICE_FAMILY = "1,2";
			};
			name = Release;
		};
		DF25150E2A2585D00075EB42 /* Debug */ = {
			isa = XCBuildConfiguration;
			buildSettings = {
				ALWAYS_EMBED_SWIFT_STANDARD_LIBRARIES = YES;
				BUNDLE_LOADER = "$(TEST_HOST)";
				CODE_SIGN_STYLE = Automatic;
				CURRENT_PROJECT_VERSION = 1;
				GENERATE_INFOPLIST_FILE = YES;
				IPHONEOS_DEPLOYMENT_TARGET = 16.4;
				MARKETING_VERSION = 1.0;
				PRODUCT_BUNDLE_IDENTIFIER = com.Aydanhawken.BrowserTests;
				PRODUCT_NAME = "$(TARGET_NAME)";
				SWIFT_EMIT_LOC_STRINGS = NO;
				SWIFT_VERSION = 5.0;
				TARGETED_DEVICE_FAMILY = "1,2";
				TEST_HOST = "$(BUILT_PRODUCTS_DIR)/Browser.app/$(BUNDLE_EXECUTABLE_FOLDER_PATH)/Browser";
			};
			name = Debug;
		};
		DF25150F2A2585D00075EB42 /* Release */ = {
			isa = XCBuildConfiguration;
			buildSettings = {
				ALWAYS_EMBED_SWIFT_STANDARD_LIBRARIES = YES;
				BUNDLE_LOADER = "$(TEST_HOST)";
				CODE_SIGN_STYLE = Automatic;
				CURRENT_PROJECT_VERSION = 1;
				GENERATE_INFOPLIST_FILE = YES;
				IPHONEOS_DEPLOYMENT_TARGET = 16.4;
				MARKETING_VERSION = 1.0;
				PRODUCT_BUNDLE_IDENTIFIER = com.Aydanhawken.BrowserTests;
				PRODUCT_NAME = "$(TARGET_NAME)";
				SWIFT_EMIT_LOC_STRINGS = NO;
				SWIFT_VERSION = 5.0;
				TARGETED_DEVICE_FAMILY = "1,2";
				TEST_HOST = "$(BUILT_PRODUCTS_DIR)/Browser.app/$(BUNDLE_EXECUTABLE_FOLDER_PATH)/Browser";
			};
			name = Release;
		};
		DF2515112A2585D00075EB42 /* Debug */ = {
			isa = XCBuildConfiguration;
			buildSettings = {
				ALWAYS_EMBED_SWIFT_STANDARD_LIBRARIES = YES;
				CODE_SIGN_STYLE = Automatic;
				CURRENT_PROJECT_VERSION = 1;
				GENERATE_INFOPLIST_FILE = YES;
				MARKETING_VERSION = 1.0;
				PRODUCT_BUNDLE_IDENTIFIER = com.Aydanhawken.BrowserUITests;
				PRODUCT_NAME = "$(TARGET_NAME)";
				SWIFT_EMIT_LOC_STRINGS = NO;
				SWIFT_VERSION = 5.0;
				TARGETED_DEVICE_FAMILY = "1,2";
				TEST_TARGET_NAME = Browser;
			};
			name = Debug;
		};
		DF2515122A2585D00075EB42 /* Release */ = {
			isa = XCBuildConfiguration;
			buildSettings = {
				ALWAYS_EMBED_SWIFT_STANDARD_LIBRARIES = YES;
				CODE_SIGN_STYLE = Automatic;
				CURRENT_PROJECT_VERSION = 1;
				GENERATE_INFOPLIST_FILE = YES;
				MARKETING_VERSION = 1.0;
				PRODUCT_BUNDLE_IDENTIFIER = com.Aydanhawken.BrowserUITests;
				PRODUCT_NAME = "$(TARGET_NAME)";
				SWIFT_EMIT_LOC_STRINGS = NO;
				SWIFT_VERSION = 5.0;
				TARGETED_DEVICE_FAMILY = "1,2";
				TEST_TARGET_NAME = Browser;
			};
			name = Release;
		};
/* End XCBuildConfiguration section */

/* Begin XCConfigurationList section */
		DF2514DB2A2585CE0075EB42 /* Build configuration list for PBXProject "Browser" */ = {
			isa = XCConfigurationList;
			buildConfigurations = (
				DF2515082A2585D00075EB42 /* Debug */,
				DF2515092A2585D00075EB42 /* Release */,
			);
			defaultConfigurationIsVisible = 0;
			defaultConfigurationName = Release;
		};
		DF25150A2A2585D00075EB42 /* Build configuration list for PBXNativeTarget "Browser" */ = {
			isa = XCConfigurationList;
			buildConfigurations = (
				DF25150B2A2585D00075EB42 /* Debug */,
				DF25150C2A2585D00075EB42 /* Release */,
			);
			defaultConfigurationIsVisible = 0;
			defaultConfigurationName = Release;
		};
		DF25150D2A2585D00075EB42 /* Build configuration list for PBXNativeTarget "BrowserTests" */ = {
			isa = XCConfigurationList;
			buildConfigurations = (
				DF25150E2A2585D00075EB42 /* Debug */,
				DF25150F2A2585D00075EB42 /* Release */,
			);
			defaultConfigurationIsVisible = 0;
			defaultConfigurationName = Release;
		};
		DF2515102A2585D00075EB42 /* Build configuration list for PBXNativeTarget "BrowserUITests" */ = {
			isa = XCConfigurationList;
			buildConfigurations = (
				DF2515112A2585D00075EB42 /* Debug */,
				DF2515122A2585D00075EB42 /* Release */,
			);
			defaultConfigurationIsVisible = 0;
			defaultConfigurationName = Release;
		};
/* End XCConfigurationList section */
	};
	rootObject = DF2514D82A2585CE0075EB42 /* Project object */;
}
